
Microsoft Visual Studio Solution File, Format Version 12.00
# Visual Studio Version 17
VisualStudioVersion = 17.1.32407.343
MinimumVisualStudioVersion = 10.0.40219.1
Project("{9A19103F-16F7-4668-BE54-9A1E7A4F7556}") = "Proyecto Diagramacion U1_EJ1", "Proyecto Diagramacion U1_EJ1\Proyecto Diagramacion U1_EJ1.csproj", "{B7E554A6-BCED-4AE3-BC7E-69AB8BC4E036}"
EndProject
Project("{9A19103F-16F7-4668-BE54-9A1E7A4F7556}") = "Ejercicio 2", "Ejercicio 2\Ejercicio 2.csproj", "{99A2AC73-1201-4D63-B4F3-BD08818981BA}"
EndProject
Project("{9A19103F-16F7-4668-BE54-9A1E7A4F7556}") = "Ejercicio 3", "Ejercicio 3\Ejercicio 3.csproj", "{B98F1CF2-919E-4FBE-A116-150BC5F9E676}"
EndProject
Project("{9A19103F-16F7-4668-BE54-9A1E7A4F7556}") = "Ejercicio 4", "Ejercicio 4\Ejercicio 4.csproj", "{70893BA6-377C-4E28-89E6-EC6A66D14DE9}"
EndProject
Project("{9A19103F-16F7-4668-BE54-9A1E7A4F7556}") = "Ejercicio 5", "Ejercicio 5\Ejercicio 5.csproj", "{F9C08A3D-FFCE-45BF-AB0F-247509C2BFD8}"
EndProject
Project("{9A19103F-16F7-4668-BE54-9A1E7A4F7556}") = "Ejercicio 6", "Ejercicio 6\Ejercicio 6.csproj", "{710E7BD2-AD30-42F1-9238-2639EC69D3F5}"
EndProject
Project("{9A19103F-16F7-4668-BE54-9A1E7A4F7556}") = "Ejercicio 7", "Ejercicio 7\Ejercicio 7.csproj", "{DFB47251-0548-416D-818A-CAC8B223ABC6}"
EndProject
Project("{9A19103F-16F7-4668-BE54-9A1E7A4F7556}") = "Ejercicio 26", "Ejercicio 26\Ejercicio 26.csproj", "{EA727B21-CFE1-40A0-AB1B-6CFFCA602878}"
EndProject
Project("{9A19103F-16F7-4668-BE54-9A1E7A4F7556}") = "Ejercicio 27", "Ejercicio 27\Ejercicio 27.csproj", "{B13407C9-2F98-4617-926E-01F0E037DB57}"
EndProject
Project("{9A19103F-16F7-4668-BE54-9A1E7A4F7556}") = "Ejercicio 8", "Ejercicio 8\Ejercicio 8.csproj", "{169E56D7-5B51-4B7B-A94D-C7CA8FEF6632}"
EndProject
Project("{9A19103F-16F7-4668-BE54-9A1E7A4F7556}") = "Ejercicio 9", "Ejercicio 9\Ejercicio 9.csproj", "{13FF37D8-B4E7-4861-AE95-665A47474BC9}"
EndProject
Project("{9A19103F-16F7-4668-BE54-9A1E7A4F7556}") = "Ejercicio 10", "Ejercicio 10\Ejercicio 10.csproj", "{9057C6FB-77E7-44C3-8F5E-93FD08F88946}"
EndProject
Project("{9A19103F-16F7-4668-BE54-9A1E7A4F7556}") = "Ejercicio 28", "Ejercicio 28\Ejercicio 28.csproj", "{219EAEE7-6404-4A02-B118-64104F880A68}"
EndProject
Project("{9A19103F-16F7-4668-BE54-9A1E7A4F7556}") = "Ejercicio 30", "Ejercicio 30\Ejercicio 30.csproj", "{43F93BE8-0AA9-4820-AB41-926063F661CC}"
EndProject
Project("{9A19103F-16F7-4668-BE54-9A1E7A4F7556}") = "Ejercicio 31", "Ejercicio 31\Ejercicio 31.csproj", "{0B837207-C7DC-4851-B4B6-35D094A4C3A6}"
EndProject
Project("{9A19103F-16F7-4668-BE54-9A1E7A4F7556}") = "Ejercicio 36", "Ejercicio 36\Ejercicio 36.csproj", "{7CE64A32-3D10-4C41-AB7A-34849A91A267}"
EndProject
Project("{9A19103F-16F7-4668-BE54-9A1E7A4F7556}") = "Ejercicio 38", "Ejercicio 38\Ejercicio 38.csproj", "{D5478AC2-E09E-44D1-9A98-4A0714842E9C}"
EndProject
Project("{9A19103F-16F7-4668-BE54-9A1E7A4F7556}") = "Ejercicio 37", "Ejercicio 37\Ejercicio 37.csproj", "{82493C43-BF49-48B1-AB97-5F3E8A427AFE}"
EndProject
Project("{9A19103F-16F7-4668-BE54-9A1E7A4F7556}") = "Ejercicio 32", "Ejercicio 32\Ejercicio 32.csproj", "{73D1E1A1-046A-47EF-AC15-D8AC6DC75041}"
EndProject
Project("{9A19103F-16F7-4668-BE54-9A1E7A4F7556}") = "Ejercicio 33", "Ejercicio 33\Ejercicio 33.csproj", "{4A20A010-C173-467A-A906-2A6D9E8D00E3}"
EndProject
Project("{9A19103F-16F7-4668-BE54-9A1E7A4F7556}") = "Ejercicio 34", "Ejercicio 34\Ejercicio 34.csproj", "{DD8AC76C-B15F-4067-91A8-A546A4D7C203}"
EndProject
Project("{9A19103F-16F7-4668-BE54-9A1E7A4F7556}") = "Ejercicio 35", "Ejercicio 35\Ejercicio 35.csproj", "{99F7B993-9E62-4750-91E2-3FCDE6576768}"
EndProject
Project("{9A19103F-16F7-4668-BE54-9A1E7A4F7556}") = "Ejercicio 29", "Ejercicio 29\Ejercicio 29.csproj", "{923F9A20-8DDB-402D-BC47-5577D93ECC1C}"
EndProject
Project("{9A19103F-16F7-4668-BE54-9A1E7A4F7556}") = "Ejercicio 23", "Ejercicio 23\Ejercicio 23.csproj", "{2C92D286-FFD4-4FDF-9F20-84E20E0B1DED}"
EndProject
Project("{9A19103F-16F7-4668-BE54-9A1E7A4F7556}") = "Ejercicio 24", "Ejercicio 24\Ejercicio 24.csproj", "{D4436FDB-481C-48F2-92AF-F26746945109}"
EndProject
Project("{9A19103F-16F7-4668-BE54-9A1E7A4F7556}") = "Ejercicio 25", "Ejercicio 25\Ejercicio 25.csproj", "{D5D40B6D-69B9-4E6C-92D5-D75DB8A68444}"
EndProject
Project("{9A19103F-16F7-4668-BE54-9A1E7A4F7556}") = "Ejercicio 22", "Ejercicio 22\Ejercicio 22.csproj", "{3CEE065E-7937-4B8E-920B-E74BFCF7FD96}"
EndProject
Project("{9A19103F-16F7-4668-BE54-9A1E7A4F7556}") = "Ejercicio 19", "Ejercicio 19\Ejercicio 19.csproj", "{7552BF19-1A90-4625-B5E9-E44EAA979A5B}"
EndProject
Project("{9A19103F-16F7-4668-BE54-9A1E7A4F7556}") = "Ejercicio 20", "Ejercicio 20\Ejercicio 20.csproj", "{DE11F950-17A3-497F-B1AA-BC0F8CFCEDFC}"
EndProject
Project("{9A19103F-16F7-4668-BE54-9A1E7A4F7556}") = "Ejercicio 40", "Ejercicio 40\Ejercicio 40.csproj", "{D9A8E75D-0689-45EC-837D-68CA9EA3B0AE}"
EndProject
Project("{9A19103F-16F7-4668-BE54-9A1E7A4F7556}") = "Ejercicio 11", "Ejercicio 11\Ejercicio 11.csproj", "{1F2AC1F7-83CA-4503-894C-4C58C8D96869}"
EndProject
Project("{9A19103F-16F7-4668-BE54-9A1E7A4F7556}") = "Ejercicio 12", "Ejercicio 12\Ejercicio 12.csproj", "{CE0105E5-1A48-446C-A8F1-92D157105236}"
EndProject
Project("{9A19103F-16F7-4668-BE54-9A1E7A4F7556}") = "Ejercicio 13", "Ejercicio 13\Ejercicio 13.csproj", "{612EF5D8-DB52-4116-9D2B-8A2A78EA89A2}"
EndProject
Project("{9A19103F-16F7-4668-BE54-9A1E7A4F7556}") = "Ejercicio 14", "Ejercicio 14\Ejercicio 14.csproj", "{67FAA4FD-1DA9-4BEF-ACD2-441B7C8A5104}"
EndProject
Project("{9A19103F-16F7-4668-BE54-9A1E7A4F7556}") = "Ejercicio 15", "Ejercicio 15\Ejercicio 15.csproj", "{DE816E67-8391-41EB-A201-C88DE1A6F544}"
EndProject
Project("{9A19103F-16F7-4668-BE54-9A1E7A4F7556}") = "Ejercicio 16", "Ejercicio 16\Ejercicio 16.csproj", "{69C7F304-F15B-4AD4-8121-8C0948511B1A}"
EndProject
Project("{9A19103F-16F7-4668-BE54-9A1E7A4F7556}") = "Ejercicio 17", "Ejercicio 17\Ejercicio 17.csproj", "{DF995184-A005-4DEC-B8A6-D614609FD144}"
EndProject
Project("{9A19103F-16F7-4668-BE54-9A1E7A4F7556}") = "Ejercicio 18", "Ejercicio 18\Ejercicio 18.csproj", "{FC851AF2-A761-4EA5-BF1F-697E645F7AD6}"
EndProject
Project("{9A19103F-16F7-4668-BE54-9A1E7A4F7556}") = "Ejercicio 21", "Ejercicio 21\Ejercicio 21.csproj", "{A00D5BE7-4C68-4658-8647-A5C39BC0EE7E}"
EndProject
Project("{9A19103F-16F7-4668-BE54-9A1E7A4F7556}") = "Ejercicio 4.1", "Ejercicio 4.1\Ejercicio 4.1.csproj", "{DE52BDE8-056D-4A81-BB89-D586E9733B64}"
EndProject
Project("{9A19103F-16F7-4668-BE54-9A1E7A4F7556}") = "Ejercicio 4.2", "Ejercicio 4.2\Ejercicio 4.2.csproj", "{32859A96-CFAF-43EA-A085-3BAAB199329C}"
EndProject
Project("{9A19103F-16F7-4668-BE54-9A1E7A4F7556}") = "ejercicio parcial", "ejercicio parcial\ejercicio parcial.csproj", "{932623C9-9224-42F6-818B-BF3D32B8CE97}"
EndProject
Project("{9A19103F-16F7-4668-BE54-9A1E7A4F7556}") = "aaa", "aaa\aaa.csproj", "{B4D234AE-6CEB-44A9-B682-603D6D007807}"
EndProject
Project("{9A19103F-16F7-4668-BE54-9A1E7A4F7556}") = "parcialmaxi", "parcialmaxi\parcialmaxi.csproj", "{DD17E75F-C916-4AE5-90FD-C53AA664E9AA}"
EndProject
Project("{9A19103F-16F7-4668-BE54-9A1E7A4F7556}") = "trying 4.1", "trying 4.1\trying 4.1.csproj", "{1E2A6DCB-CF45-4E8E-BB8F-0C23B86F512F}"
EndProject
Project("{FAE04EC0-301F-11D3-BF4B-00C04F79EFBC}") = "paricaldowasldoawd", "paricaldowasldoawd\paricaldowasldoawd.csproj", "{1FB6A177-BBF8-4310-AA2C-F91761CF64F0}"
EndProject
Global
	GlobalSection(SolutionConfigurationPlatforms) = preSolution
		Debug|Any CPU = Debug|Any CPU
		Debug|ARM = Debug|ARM
		Debug|ARM64 = Debug|ARM64
		Debug|x64 = Debug|x64
		Debug|x86 = Debug|x86
		Release|Any CPU = Release|Any CPU
		Release|ARM = Release|ARM
		Release|ARM64 = Release|ARM64
		Release|x64 = Release|x64
		Release|x86 = Release|x86
	EndGlobalSection
	GlobalSection(ProjectConfigurationPlatforms) = postSolution
		{B7E554A6-BCED-4AE3-BC7E-69AB8BC4E036}.Debug|Any CPU.ActiveCfg = Debug|Any CPU
		{B7E554A6-BCED-4AE3-BC7E-69AB8BC4E036}.Debug|Any CPU.Build.0 = Debug|Any CPU
		{B7E554A6-BCED-4AE3-BC7E-69AB8BC4E036}.Debug|ARM.ActiveCfg = Debug|Any CPU
		{B7E554A6-BCED-4AE3-BC7E-69AB8BC4E036}.Debug|ARM.Build.0 = Debug|Any CPU
		{B7E554A6-BCED-4AE3-BC7E-69AB8BC4E036}.Debug|ARM64.ActiveCfg = Debug|Any CPU
		{B7E554A6-BCED-4AE3-BC7E-69AB8BC4E036}.Debug|ARM64.Build.0 = Debug|Any CPU
		{B7E554A6-BCED-4AE3-BC7E-69AB8BC4E036}.Debug|x64.ActiveCfg = Debug|Any CPU
		{B7E554A6-BCED-4AE3-BC7E-69AB8BC4E036}.Debug|x64.Build.0 = Debug|Any CPU
		{B7E554A6-BCED-4AE3-BC7E-69AB8BC4E036}.Debug|x86.ActiveCfg = Debug|Any CPU
		{B7E554A6-BCED-4AE3-BC7E-69AB8BC4E036}.Debug|x86.Build.0 = Debug|Any CPU
		{B7E554A6-BCED-4AE3-BC7E-69AB8BC4E036}.Release|Any CPU.ActiveCfg = Release|Any CPU
		{B7E554A6-BCED-4AE3-BC7E-69AB8BC4E036}.Release|Any CPU.Build.0 = Release|Any CPU
		{B7E554A6-BCED-4AE3-BC7E-69AB8BC4E036}.Release|ARM.ActiveCfg = Release|Any CPU
		{B7E554A6-BCED-4AE3-BC7E-69AB8BC4E036}.Release|ARM.Build.0 = Release|Any CPU
		{B7E554A6-BCED-4AE3-BC7E-69AB8BC4E036}.Release|ARM64.ActiveCfg = Release|Any CPU
		{B7E554A6-BCED-4AE3-BC7E-69AB8BC4E036}.Release|ARM64.Build.0 = Release|Any CPU
		{B7E554A6-BCED-4AE3-BC7E-69AB8BC4E036}.Release|x64.ActiveCfg = Release|Any CPU
		{B7E554A6-BCED-4AE3-BC7E-69AB8BC4E036}.Release|x64.Build.0 = Release|Any CPU
		{B7E554A6-BCED-4AE3-BC7E-69AB8BC4E036}.Release|x86.ActiveCfg = Release|Any CPU
		{B7E554A6-BCED-4AE3-BC7E-69AB8BC4E036}.Release|x86.Build.0 = Release|Any CPU
		{99A2AC73-1201-4D63-B4F3-BD08818981BA}.Debug|Any CPU.ActiveCfg = Debug|Any CPU
		{99A2AC73-1201-4D63-B4F3-BD08818981BA}.Debug|Any CPU.Build.0 = Debug|Any CPU
		{99A2AC73-1201-4D63-B4F3-BD08818981BA}.Debug|ARM.ActiveCfg = Debug|Any CPU
		{99A2AC73-1201-4D63-B4F3-BD08818981BA}.Debug|ARM.Build.0 = Debug|Any CPU
		{99A2AC73-1201-4D63-B4F3-BD08818981BA}.Debug|ARM64.ActiveCfg = Debug|Any CPU
		{99A2AC73-1201-4D63-B4F3-BD08818981BA}.Debug|ARM64.Build.0 = Debug|Any CPU
		{99A2AC73-1201-4D63-B4F3-BD08818981BA}.Debug|x64.ActiveCfg = Debug|Any CPU
		{99A2AC73-1201-4D63-B4F3-BD08818981BA}.Debug|x64.Build.0 = Debug|Any CPU
		{99A2AC73-1201-4D63-B4F3-BD08818981BA}.Debug|x86.ActiveCfg = Debug|Any CPU
		{99A2AC73-1201-4D63-B4F3-BD08818981BA}.Debug|x86.Build.0 = Debug|Any CPU
		{99A2AC73-1201-4D63-B4F3-BD08818981BA}.Release|Any CPU.ActiveCfg = Release|Any CPU
		{99A2AC73-1201-4D63-B4F3-BD08818981BA}.Release|Any CPU.Build.0 = Release|Any CPU
		{99A2AC73-1201-4D63-B4F3-BD08818981BA}.Release|ARM.ActiveCfg = Release|Any CPU
		{99A2AC73-1201-4D63-B4F3-BD08818981BA}.Release|ARM.Build.0 = Release|Any CPU
		{99A2AC73-1201-4D63-B4F3-BD08818981BA}.Release|ARM64.ActiveCfg = Release|Any CPU
		{99A2AC73-1201-4D63-B4F3-BD08818981BA}.Release|ARM64.Build.0 = Release|Any CPU
		{99A2AC73-1201-4D63-B4F3-BD08818981BA}.Release|x64.ActiveCfg = Release|Any CPU
		{99A2AC73-1201-4D63-B4F3-BD08818981BA}.Release|x64.Build.0 = Release|Any CPU
		{99A2AC73-1201-4D63-B4F3-BD08818981BA}.Release|x86.ActiveCfg = Release|Any CPU
		{99A2AC73-1201-4D63-B4F3-BD08818981BA}.Release|x86.Build.0 = Release|Any CPU
		{B98F1CF2-919E-4FBE-A116-150BC5F9E676}.Debug|Any CPU.ActiveCfg = Debug|Any CPU
		{B98F1CF2-919E-4FBE-A116-150BC5F9E676}.Debug|Any CPU.Build.0 = Debug|Any CPU
		{B98F1CF2-919E-4FBE-A116-150BC5F9E676}.Debug|ARM.ActiveCfg = Debug|Any CPU
		{B98F1CF2-919E-4FBE-A116-150BC5F9E676}.Debug|ARM.Build.0 = Debug|Any CPU
		{B98F1CF2-919E-4FBE-A116-150BC5F9E676}.Debug|ARM64.ActiveCfg = Debug|Any CPU
		{B98F1CF2-919E-4FBE-A116-150BC5F9E676}.Debug|ARM64.Build.0 = Debug|Any CPU
		{B98F1CF2-919E-4FBE-A116-150BC5F9E676}.Debug|x64.ActiveCfg = Debug|Any CPU
		{B98F1CF2-919E-4FBE-A116-150BC5F9E676}.Debug|x64.Build.0 = Debug|Any CPU
		{B98F1CF2-919E-4FBE-A116-150BC5F9E676}.Debug|x86.ActiveCfg = Debug|Any CPU
		{B98F1CF2-919E-4FBE-A116-150BC5F9E676}.Debug|x86.Build.0 = Debug|Any CPU
		{B98F1CF2-919E-4FBE-A116-150BC5F9E676}.Release|Any CPU.ActiveCfg = Release|Any CPU
		{B98F1CF2-919E-4FBE-A116-150BC5F9E676}.Release|Any CPU.Build.0 = Release|Any CPU
		{B98F1CF2-919E-4FBE-A116-150BC5F9E676}.Release|ARM.ActiveCfg = Release|Any CPU
		{B98F1CF2-919E-4FBE-A116-150BC5F9E676}.Release|ARM.Build.0 = Release|Any CPU
		{B98F1CF2-919E-4FBE-A116-150BC5F9E676}.Release|ARM64.ActiveCfg = Release|Any CPU
		{B98F1CF2-919E-4FBE-A116-150BC5F9E676}.Release|ARM64.Build.0 = Release|Any CPU
		{B98F1CF2-919E-4FBE-A116-150BC5F9E676}.Release|x64.ActiveCfg = Release|Any CPU
		{B98F1CF2-919E-4FBE-A116-150BC5F9E676}.Release|x64.Build.0 = Release|Any CPU
		{B98F1CF2-919E-4FBE-A116-150BC5F9E676}.Release|x86.ActiveCfg = Release|Any CPU
		{B98F1CF2-919E-4FBE-A116-150BC5F9E676}.Release|x86.Build.0 = Release|Any CPU
		{70893BA6-377C-4E28-89E6-EC6A66D14DE9}.Debug|Any CPU.ActiveCfg = Debug|Any CPU
		{70893BA6-377C-4E28-89E6-EC6A66D14DE9}.Debug|Any CPU.Build.0 = Debug|Any CPU
		{70893BA6-377C-4E28-89E6-EC6A66D14DE9}.Debug|ARM.ActiveCfg = Debug|Any CPU
		{70893BA6-377C-4E28-89E6-EC6A66D14DE9}.Debug|ARM.Build.0 = Debug|Any CPU
		{70893BA6-377C-4E28-89E6-EC6A66D14DE9}.Debug|ARM64.ActiveCfg = Debug|Any CPU
		{70893BA6-377C-4E28-89E6-EC6A66D14DE9}.Debug|ARM64.Build.0 = Debug|Any CPU
		{70893BA6-377C-4E28-89E6-EC6A66D14DE9}.Debug|x64.ActiveCfg = Debug|Any CPU
		{70893BA6-377C-4E28-89E6-EC6A66D14DE9}.Debug|x64.Build.0 = Debug|Any CPU
		{70893BA6-377C-4E28-89E6-EC6A66D14DE9}.Debug|x86.ActiveCfg = Debug|Any CPU
		{70893BA6-377C-4E28-89E6-EC6A66D14DE9}.Debug|x86.Build.0 = Debug|Any CPU
		{70893BA6-377C-4E28-89E6-EC6A66D14DE9}.Release|Any CPU.ActiveCfg = Release|Any CPU
		{70893BA6-377C-4E28-89E6-EC6A66D14DE9}.Release|Any CPU.Build.0 = Release|Any CPU
		{70893BA6-377C-4E28-89E6-EC6A66D14DE9}.Release|ARM.ActiveCfg = Release|Any CPU
		{70893BA6-377C-4E28-89E6-EC6A66D14DE9}.Release|ARM.Build.0 = Release|Any CPU
		{70893BA6-377C-4E28-89E6-EC6A66D14DE9}.Release|ARM64.ActiveCfg = Release|Any CPU
		{70893BA6-377C-4E28-89E6-EC6A66D14DE9}.Release|ARM64.Build.0 = Release|Any CPU
		{70893BA6-377C-4E28-89E6-EC6A66D14DE9}.Release|x64.ActiveCfg = Release|Any CPU
		{70893BA6-377C-4E28-89E6-EC6A66D14DE9}.Release|x64.Build.0 = Release|Any CPU
		{70893BA6-377C-4E28-89E6-EC6A66D14DE9}.Release|x86.ActiveCfg = Release|Any CPU
		{70893BA6-377C-4E28-89E6-EC6A66D14DE9}.Release|x86.Build.0 = Release|Any CPU
		{F9C08A3D-FFCE-45BF-AB0F-247509C2BFD8}.Debug|Any CPU.ActiveCfg = Debug|Any CPU
		{F9C08A3D-FFCE-45BF-AB0F-247509C2BFD8}.Debug|Any CPU.Build.0 = Debug|Any CPU
		{F9C08A3D-FFCE-45BF-AB0F-247509C2BFD8}.Debug|ARM.ActiveCfg = Debug|Any CPU
		{F9C08A3D-FFCE-45BF-AB0F-247509C2BFD8}.Debug|ARM.Build.0 = Debug|Any CPU
		{F9C08A3D-FFCE-45BF-AB0F-247509C2BFD8}.Debug|ARM64.ActiveCfg = Debug|Any CPU
		{F9C08A3D-FFCE-45BF-AB0F-247509C2BFD8}.Debug|ARM64.Build.0 = Debug|Any CPU
		{F9C08A3D-FFCE-45BF-AB0F-247509C2BFD8}.Debug|x64.ActiveCfg = Debug|Any CPU
		{F9C08A3D-FFCE-45BF-AB0F-247509C2BFD8}.Debug|x64.Build.0 = Debug|Any CPU
		{F9C08A3D-FFCE-45BF-AB0F-247509C2BFD8}.Debug|x86.ActiveCfg = Debug|Any CPU
		{F9C08A3D-FFCE-45BF-AB0F-247509C2BFD8}.Debug|x86.Build.0 = Debug|Any CPU
		{F9C08A3D-FFCE-45BF-AB0F-247509C2BFD8}.Release|Any CPU.ActiveCfg = Release|Any CPU
		{F9C08A3D-FFCE-45BF-AB0F-247509C2BFD8}.Release|Any CPU.Build.0 = Release|Any CPU
		{F9C08A3D-FFCE-45BF-AB0F-247509C2BFD8}.Release|ARM.ActiveCfg = Release|Any CPU
		{F9C08A3D-FFCE-45BF-AB0F-247509C2BFD8}.Release|ARM.Build.0 = Release|Any CPU
		{F9C08A3D-FFCE-45BF-AB0F-247509C2BFD8}.Release|ARM64.ActiveCfg = Release|Any CPU
		{F9C08A3D-FFCE-45BF-AB0F-247509C2BFD8}.Release|ARM64.Build.0 = Release|Any CPU
		{F9C08A3D-FFCE-45BF-AB0F-247509C2BFD8}.Release|x64.ActiveCfg = Release|Any CPU
		{F9C08A3D-FFCE-45BF-AB0F-247509C2BFD8}.Release|x64.Build.0 = Release|Any CPU
		{F9C08A3D-FFCE-45BF-AB0F-247509C2BFD8}.Release|x86.ActiveCfg = Release|Any CPU
		{F9C08A3D-FFCE-45BF-AB0F-247509C2BFD8}.Release|x86.Build.0 = Release|Any CPU
		{710E7BD2-AD30-42F1-9238-2639EC69D3F5}.Debug|Any CPU.ActiveCfg = Debug|Any CPU
		{710E7BD2-AD30-42F1-9238-2639EC69D3F5}.Debug|Any CPU.Build.0 = Debug|Any CPU
		{710E7BD2-AD30-42F1-9238-2639EC69D3F5}.Debug|ARM.ActiveCfg = Debug|Any CPU
		{710E7BD2-AD30-42F1-9238-2639EC69D3F5}.Debug|ARM.Build.0 = Debug|Any CPU
		{710E7BD2-AD30-42F1-9238-2639EC69D3F5}.Debug|ARM64.ActiveCfg = Debug|Any CPU
		{710E7BD2-AD30-42F1-9238-2639EC69D3F5}.Debug|ARM64.Build.0 = Debug|Any CPU
		{710E7BD2-AD30-42F1-9238-2639EC69D3F5}.Debug|x64.ActiveCfg = Debug|Any CPU
		{710E7BD2-AD30-42F1-9238-2639EC69D3F5}.Debug|x64.Build.0 = Debug|Any CPU
		{710E7BD2-AD30-42F1-9238-2639EC69D3F5}.Debug|x86.ActiveCfg = Debug|Any CPU
		{710E7BD2-AD30-42F1-9238-2639EC69D3F5}.Debug|x86.Build.0 = Debug|Any CPU
		{710E7BD2-AD30-42F1-9238-2639EC69D3F5}.Release|Any CPU.ActiveCfg = Release|Any CPU
		{710E7BD2-AD30-42F1-9238-2639EC69D3F5}.Release|Any CPU.Build.0 = Release|Any CPU
		{710E7BD2-AD30-42F1-9238-2639EC69D3F5}.Release|ARM.ActiveCfg = Release|Any CPU
		{710E7BD2-AD30-42F1-9238-2639EC69D3F5}.Release|ARM.Build.0 = Release|Any CPU
		{710E7BD2-AD30-42F1-9238-2639EC69D3F5}.Release|ARM64.ActiveCfg = Release|Any CPU
		{710E7BD2-AD30-42F1-9238-2639EC69D3F5}.Release|ARM64.Build.0 = Release|Any CPU
		{710E7BD2-AD30-42F1-9238-2639EC69D3F5}.Release|x64.ActiveCfg = Release|Any CPU
		{710E7BD2-AD30-42F1-9238-2639EC69D3F5}.Release|x64.Build.0 = Release|Any CPU
		{710E7BD2-AD30-42F1-9238-2639EC69D3F5}.Release|x86.ActiveCfg = Release|Any CPU
		{710E7BD2-AD30-42F1-9238-2639EC69D3F5}.Release|x86.Build.0 = Release|Any CPU
		{DFB47251-0548-416D-818A-CAC8B223ABC6}.Debug|Any CPU.ActiveCfg = Debug|Any CPU
		{DFB47251-0548-416D-818A-CAC8B223ABC6}.Debug|Any CPU.Build.0 = Debug|Any CPU
		{DFB47251-0548-416D-818A-CAC8B223ABC6}.Debug|ARM.ActiveCfg = Debug|Any CPU
		{DFB47251-0548-416D-818A-CAC8B223ABC6}.Debug|ARM.Build.0 = Debug|Any CPU
		{DFB47251-0548-416D-818A-CAC8B223ABC6}.Debug|ARM64.ActiveCfg = Debug|Any CPU
		{DFB47251-0548-416D-818A-CAC8B223ABC6}.Debug|ARM64.Build.0 = Debug|Any CPU
		{DFB47251-0548-416D-818A-CAC8B223ABC6}.Debug|x64.ActiveCfg = Debug|Any CPU
		{DFB47251-0548-416D-818A-CAC8B223ABC6}.Debug|x64.Build.0 = Debug|Any CPU
		{DFB47251-0548-416D-818A-CAC8B223ABC6}.Debug|x86.ActiveCfg = Debug|Any CPU
		{DFB47251-0548-416D-818A-CAC8B223ABC6}.Debug|x86.Build.0 = Debug|Any CPU
		{DFB47251-0548-416D-818A-CAC8B223ABC6}.Release|Any CPU.ActiveCfg = Release|Any CPU
		{DFB47251-0548-416D-818A-CAC8B223ABC6}.Release|Any CPU.Build.0 = Release|Any CPU
		{DFB47251-0548-416D-818A-CAC8B223ABC6}.Release|ARM.ActiveCfg = Release|Any CPU
		{DFB47251-0548-416D-818A-CAC8B223ABC6}.Release|ARM.Build.0 = Release|Any CPU
		{DFB47251-0548-416D-818A-CAC8B223ABC6}.Release|ARM64.ActiveCfg = Release|Any CPU
		{DFB47251-0548-416D-818A-CAC8B223ABC6}.Release|ARM64.Build.0 = Release|Any CPU
		{DFB47251-0548-416D-818A-CAC8B223ABC6}.Release|x64.ActiveCfg = Release|Any CPU
		{DFB47251-0548-416D-818A-CAC8B223ABC6}.Release|x64.Build.0 = Release|Any CPU
		{DFB47251-0548-416D-818A-CAC8B223ABC6}.Release|x86.ActiveCfg = Release|Any CPU
		{DFB47251-0548-416D-818A-CAC8B223ABC6}.Release|x86.Build.0 = Release|Any CPU
		{EA727B21-CFE1-40A0-AB1B-6CFFCA602878}.Debug|Any CPU.ActiveCfg = Debug|Any CPU
		{EA727B21-CFE1-40A0-AB1B-6CFFCA602878}.Debug|Any CPU.Build.0 = Debug|Any CPU
		{EA727B21-CFE1-40A0-AB1B-6CFFCA602878}.Debug|ARM.ActiveCfg = Debug|Any CPU
		{EA727B21-CFE1-40A0-AB1B-6CFFCA602878}.Debug|ARM.Build.0 = Debug|Any CPU
		{EA727B21-CFE1-40A0-AB1B-6CFFCA602878}.Debug|ARM64.ActiveCfg = Debug|Any CPU
		{EA727B21-CFE1-40A0-AB1B-6CFFCA602878}.Debug|ARM64.Build.0 = Debug|Any CPU
		{EA727B21-CFE1-40A0-AB1B-6CFFCA602878}.Debug|x64.ActiveCfg = Debug|Any CPU
		{EA727B21-CFE1-40A0-AB1B-6CFFCA602878}.Debug|x64.Build.0 = Debug|Any CPU
		{EA727B21-CFE1-40A0-AB1B-6CFFCA602878}.Debug|x86.ActiveCfg = Debug|Any CPU
		{EA727B21-CFE1-40A0-AB1B-6CFFCA602878}.Debug|x86.Build.0 = Debug|Any CPU
		{EA727B21-CFE1-40A0-AB1B-6CFFCA602878}.Release|Any CPU.ActiveCfg = Release|Any CPU
		{EA727B21-CFE1-40A0-AB1B-6CFFCA602878}.Release|Any CPU.Build.0 = Release|Any CPU
		{EA727B21-CFE1-40A0-AB1B-6CFFCA602878}.Release|ARM.ActiveCfg = Release|Any CPU
		{EA727B21-CFE1-40A0-AB1B-6CFFCA602878}.Release|ARM.Build.0 = Release|Any CPU
		{EA727B21-CFE1-40A0-AB1B-6CFFCA602878}.Release|ARM64.ActiveCfg = Release|Any CPU
		{EA727B21-CFE1-40A0-AB1B-6CFFCA602878}.Release|ARM64.Build.0 = Release|Any CPU
		{EA727B21-CFE1-40A0-AB1B-6CFFCA602878}.Release|x64.ActiveCfg = Release|Any CPU
		{EA727B21-CFE1-40A0-AB1B-6CFFCA602878}.Release|x64.Build.0 = Release|Any CPU
		{EA727B21-CFE1-40A0-AB1B-6CFFCA602878}.Release|x86.ActiveCfg = Release|Any CPU
		{EA727B21-CFE1-40A0-AB1B-6CFFCA602878}.Release|x86.Build.0 = Release|Any CPU
		{B13407C9-2F98-4617-926E-01F0E037DB57}.Debug|Any CPU.ActiveCfg = Debug|Any CPU
		{B13407C9-2F98-4617-926E-01F0E037DB57}.Debug|Any CPU.Build.0 = Debug|Any CPU
		{B13407C9-2F98-4617-926E-01F0E037DB57}.Debug|ARM.ActiveCfg = Debug|Any CPU
		{B13407C9-2F98-4617-926E-01F0E037DB57}.Debug|ARM.Build.0 = Debug|Any CPU
		{B13407C9-2F98-4617-926E-01F0E037DB57}.Debug|ARM64.ActiveCfg = Debug|Any CPU
		{B13407C9-2F98-4617-926E-01F0E037DB57}.Debug|ARM64.Build.0 = Debug|Any CPU
		{B13407C9-2F98-4617-926E-01F0E037DB57}.Debug|x64.ActiveCfg = Debug|Any CPU
		{B13407C9-2F98-4617-926E-01F0E037DB57}.Debug|x64.Build.0 = Debug|Any CPU
		{B13407C9-2F98-4617-926E-01F0E037DB57}.Debug|x86.ActiveCfg = Debug|Any CPU
		{B13407C9-2F98-4617-926E-01F0E037DB57}.Debug|x86.Build.0 = Debug|Any CPU
		{B13407C9-2F98-4617-926E-01F0E037DB57}.Release|Any CPU.ActiveCfg = Release|Any CPU
		{B13407C9-2F98-4617-926E-01F0E037DB57}.Release|Any CPU.Build.0 = Release|Any CPU
		{B13407C9-2F98-4617-926E-01F0E037DB57}.Release|ARM.ActiveCfg = Release|Any CPU
		{B13407C9-2F98-4617-926E-01F0E037DB57}.Release|ARM.Build.0 = Release|Any CPU
		{B13407C9-2F98-4617-926E-01F0E037DB57}.Release|ARM64.ActiveCfg = Release|Any CPU
		{B13407C9-2F98-4617-926E-01F0E037DB57}.Release|ARM64.Build.0 = Release|Any CPU
		{B13407C9-2F98-4617-926E-01F0E037DB57}.Release|x64.ActiveCfg = Release|Any CPU
		{B13407C9-2F98-4617-926E-01F0E037DB57}.Release|x64.Build.0 = Release|Any CPU
		{B13407C9-2F98-4617-926E-01F0E037DB57}.Release|x86.ActiveCfg = Release|Any CPU
		{B13407C9-2F98-4617-926E-01F0E037DB57}.Release|x86.Build.0 = Release|Any CPU
		{169E56D7-5B51-4B7B-A94D-C7CA8FEF6632}.Debug|Any CPU.ActiveCfg = Debug|Any CPU
		{169E56D7-5B51-4B7B-A94D-C7CA8FEF6632}.Debug|Any CPU.Build.0 = Debug|Any CPU
		{169E56D7-5B51-4B7B-A94D-C7CA8FEF6632}.Debug|ARM.ActiveCfg = Debug|Any CPU
		{169E56D7-5B51-4B7B-A94D-C7CA8FEF6632}.Debug|ARM.Build.0 = Debug|Any CPU
		{169E56D7-5B51-4B7B-A94D-C7CA8FEF6632}.Debug|ARM64.ActiveCfg = Debug|Any CPU
		{169E56D7-5B51-4B7B-A94D-C7CA8FEF6632}.Debug|ARM64.Build.0 = Debug|Any CPU
		{169E56D7-5B51-4B7B-A94D-C7CA8FEF6632}.Debug|x64.ActiveCfg = Debug|Any CPU
		{169E56D7-5B51-4B7B-A94D-C7CA8FEF6632}.Debug|x64.Build.0 = Debug|Any CPU
		{169E56D7-5B51-4B7B-A94D-C7CA8FEF6632}.Debug|x86.ActiveCfg = Debug|Any CPU
		{169E56D7-5B51-4B7B-A94D-C7CA8FEF6632}.Debug|x86.Build.0 = Debug|Any CPU
		{169E56D7-5B51-4B7B-A94D-C7CA8FEF6632}.Release|Any CPU.ActiveCfg = Release|Any CPU
		{169E56D7-5B51-4B7B-A94D-C7CA8FEF6632}.Release|Any CPU.Build.0 = Release|Any CPU
		{169E56D7-5B51-4B7B-A94D-C7CA8FEF6632}.Release|ARM.ActiveCfg = Release|Any CPU
		{169E56D7-5B51-4B7B-A94D-C7CA8FEF6632}.Release|ARM.Build.0 = Release|Any CPU
		{169E56D7-5B51-4B7B-A94D-C7CA8FEF6632}.Release|ARM64.ActiveCfg = Release|Any CPU
		{169E56D7-5B51-4B7B-A94D-C7CA8FEF6632}.Release|ARM64.Build.0 = Release|Any CPU
		{169E56D7-5B51-4B7B-A94D-C7CA8FEF6632}.Release|x64.ActiveCfg = Release|Any CPU
		{169E56D7-5B51-4B7B-A94D-C7CA8FEF6632}.Release|x64.Build.0 = Release|Any CPU
		{169E56D7-5B51-4B7B-A94D-C7CA8FEF6632}.Release|x86.ActiveCfg = Release|Any CPU
		{169E56D7-5B51-4B7B-A94D-C7CA8FEF6632}.Release|x86.Build.0 = Release|Any CPU
		{13FF37D8-B4E7-4861-AE95-665A47474BC9}.Debug|Any CPU.ActiveCfg = Debug|Any CPU
		{13FF37D8-B4E7-4861-AE95-665A47474BC9}.Debug|Any CPU.Build.0 = Debug|Any CPU
		{13FF37D8-B4E7-4861-AE95-665A47474BC9}.Debug|ARM.ActiveCfg = Debug|Any CPU
		{13FF37D8-B4E7-4861-AE95-665A47474BC9}.Debug|ARM.Build.0 = Debug|Any CPU
		{13FF37D8-B4E7-4861-AE95-665A47474BC9}.Debug|ARM64.ActiveCfg = Debug|Any CPU
		{13FF37D8-B4E7-4861-AE95-665A47474BC9}.Debug|ARM64.Build.0 = Debug|Any CPU
		{13FF37D8-B4E7-4861-AE95-665A47474BC9}.Debug|x64.ActiveCfg = Debug|Any CPU
		{13FF37D8-B4E7-4861-AE95-665A47474BC9}.Debug|x64.Build.0 = Debug|Any CPU
		{13FF37D8-B4E7-4861-AE95-665A47474BC9}.Debug|x86.ActiveCfg = Debug|Any CPU
		{13FF37D8-B4E7-4861-AE95-665A47474BC9}.Debug|x86.Build.0 = Debug|Any CPU
		{13FF37D8-B4E7-4861-AE95-665A47474BC9}.Release|Any CPU.ActiveCfg = Release|Any CPU
		{13FF37D8-B4E7-4861-AE95-665A47474BC9}.Release|Any CPU.Build.0 = Release|Any CPU
		{13FF37D8-B4E7-4861-AE95-665A47474BC9}.Release|ARM.ActiveCfg = Release|Any CPU
		{13FF37D8-B4E7-4861-AE95-665A47474BC9}.Release|ARM.Build.0 = Release|Any CPU
		{13FF37D8-B4E7-4861-AE95-665A47474BC9}.Release|ARM64.ActiveCfg = Release|Any CPU
		{13FF37D8-B4E7-4861-AE95-665A47474BC9}.Release|ARM64.Build.0 = Release|Any CPU
		{13FF37D8-B4E7-4861-AE95-665A47474BC9}.Release|x64.ActiveCfg = Release|Any CPU
		{13FF37D8-B4E7-4861-AE95-665A47474BC9}.Release|x64.Build.0 = Release|Any CPU
		{13FF37D8-B4E7-4861-AE95-665A47474BC9}.Release|x86.ActiveCfg = Release|Any CPU
		{13FF37D8-B4E7-4861-AE95-665A47474BC9}.Release|x86.Build.0 = Release|Any CPU
		{9057C6FB-77E7-44C3-8F5E-93FD08F88946}.Debug|Any CPU.ActiveCfg = Debug|Any CPU
		{9057C6FB-77E7-44C3-8F5E-93FD08F88946}.Debug|Any CPU.Build.0 = Debug|Any CPU
		{9057C6FB-77E7-44C3-8F5E-93FD08F88946}.Debug|ARM.ActiveCfg = Debug|Any CPU
		{9057C6FB-77E7-44C3-8F5E-93FD08F88946}.Debug|ARM.Build.0 = Debug|Any CPU
		{9057C6FB-77E7-44C3-8F5E-93FD08F88946}.Debug|ARM64.ActiveCfg = Debug|Any CPU
		{9057C6FB-77E7-44C3-8F5E-93FD08F88946}.Debug|ARM64.Build.0 = Debug|Any CPU
		{9057C6FB-77E7-44C3-8F5E-93FD08F88946}.Debug|x64.ActiveCfg = Debug|Any CPU
		{9057C6FB-77E7-44C3-8F5E-93FD08F88946}.Debug|x64.Build.0 = Debug|Any CPU
		{9057C6FB-77E7-44C3-8F5E-93FD08F88946}.Debug|x86.ActiveCfg = Debug|Any CPU
		{9057C6FB-77E7-44C3-8F5E-93FD08F88946}.Debug|x86.Build.0 = Debug|Any CPU
		{9057C6FB-77E7-44C3-8F5E-93FD08F88946}.Release|Any CPU.ActiveCfg = Release|Any CPU
		{9057C6FB-77E7-44C3-8F5E-93FD08F88946}.Release|Any CPU.Build.0 = Release|Any CPU
		{9057C6FB-77E7-44C3-8F5E-93FD08F88946}.Release|ARM.ActiveCfg = Release|Any CPU
		{9057C6FB-77E7-44C3-8F5E-93FD08F88946}.Release|ARM.Build.0 = Release|Any CPU
		{9057C6FB-77E7-44C3-8F5E-93FD08F88946}.Release|ARM64.ActiveCfg = Release|Any CPU
		{9057C6FB-77E7-44C3-8F5E-93FD08F88946}.Release|ARM64.Build.0 = Release|Any CPU
		{9057C6FB-77E7-44C3-8F5E-93FD08F88946}.Release|x64.ActiveCfg = Release|Any CPU
		{9057C6FB-77E7-44C3-8F5E-93FD08F88946}.Release|x64.Build.0 = Release|Any CPU
		{9057C6FB-77E7-44C3-8F5E-93FD08F88946}.Release|x86.ActiveCfg = Release|Any CPU
		{9057C6FB-77E7-44C3-8F5E-93FD08F88946}.Release|x86.Build.0 = Release|Any CPU
		{219EAEE7-6404-4A02-B118-64104F880A68}.Debug|Any CPU.ActiveCfg = Debug|Any CPU
		{219EAEE7-6404-4A02-B118-64104F880A68}.Debug|Any CPU.Build.0 = Debug|Any CPU
		{219EAEE7-6404-4A02-B118-64104F880A68}.Debug|ARM.ActiveCfg = Debug|Any CPU
		{219EAEE7-6404-4A02-B118-64104F880A68}.Debug|ARM.Build.0 = Debug|Any CPU
		{219EAEE7-6404-4A02-B118-64104F880A68}.Debug|ARM64.ActiveCfg = Debug|Any CPU
		{219EAEE7-6404-4A02-B118-64104F880A68}.Debug|ARM64.Build.0 = Debug|Any CPU
		{219EAEE7-6404-4A02-B118-64104F880A68}.Debug|x64.ActiveCfg = Debug|Any CPU
		{219EAEE7-6404-4A02-B118-64104F880A68}.Debug|x64.Build.0 = Debug|Any CPU
		{219EAEE7-6404-4A02-B118-64104F880A68}.Debug|x86.ActiveCfg = Debug|Any CPU
		{219EAEE7-6404-4A02-B118-64104F880A68}.Debug|x86.Build.0 = Debug|Any CPU
		{219EAEE7-6404-4A02-B118-64104F880A68}.Release|Any CPU.ActiveCfg = Release|Any CPU
		{219EAEE7-6404-4A02-B118-64104F880A68}.Release|Any CPU.Build.0 = Release|Any CPU
		{219EAEE7-6404-4A02-B118-64104F880A68}.Release|ARM.ActiveCfg = Release|Any CPU
		{219EAEE7-6404-4A02-B118-64104F880A68}.Release|ARM.Build.0 = Release|Any CPU
		{219EAEE7-6404-4A02-B118-64104F880A68}.Release|ARM64.ActiveCfg = Release|Any CPU
		{219EAEE7-6404-4A02-B118-64104F880A68}.Release|ARM64.Build.0 = Release|Any CPU
		{219EAEE7-6404-4A02-B118-64104F880A68}.Release|x64.ActiveCfg = Release|Any CPU
		{219EAEE7-6404-4A02-B118-64104F880A68}.Release|x64.Build.0 = Release|Any CPU
		{219EAEE7-6404-4A02-B118-64104F880A68}.Release|x86.ActiveCfg = Release|Any CPU
		{219EAEE7-6404-4A02-B118-64104F880A68}.Release|x86.Build.0 = Release|Any CPU
		{43F93BE8-0AA9-4820-AB41-926063F661CC}.Debug|Any CPU.ActiveCfg = Debug|Any CPU
		{43F93BE8-0AA9-4820-AB41-926063F661CC}.Debug|Any CPU.Build.0 = Debug|Any CPU
		{43F93BE8-0AA9-4820-AB41-926063F661CC}.Debug|ARM.ActiveCfg = Debug|Any CPU
		{43F93BE8-0AA9-4820-AB41-926063F661CC}.Debug|ARM.Build.0 = Debug|Any CPU
		{43F93BE8-0AA9-4820-AB41-926063F661CC}.Debug|ARM64.ActiveCfg = Debug|Any CPU
		{43F93BE8-0AA9-4820-AB41-926063F661CC}.Debug|ARM64.Build.0 = Debug|Any CPU
		{43F93BE8-0AA9-4820-AB41-926063F661CC}.Debug|x64.ActiveCfg = Debug|Any CPU
		{43F93BE8-0AA9-4820-AB41-926063F661CC}.Debug|x64.Build.0 = Debug|Any CPU
		{43F93BE8-0AA9-4820-AB41-926063F661CC}.Debug|x86.ActiveCfg = Debug|Any CPU
		{43F93BE8-0AA9-4820-AB41-926063F661CC}.Debug|x86.Build.0 = Debug|Any CPU
		{43F93BE8-0AA9-4820-AB41-926063F661CC}.Release|Any CPU.ActiveCfg = Release|Any CPU
		{43F93BE8-0AA9-4820-AB41-926063F661CC}.Release|Any CPU.Build.0 = Release|Any CPU
		{43F93BE8-0AA9-4820-AB41-926063F661CC}.Release|ARM.ActiveCfg = Release|Any CPU
		{43F93BE8-0AA9-4820-AB41-926063F661CC}.Release|ARM.Build.0 = Release|Any CPU
		{43F93BE8-0AA9-4820-AB41-926063F661CC}.Release|ARM64.ActiveCfg = Release|Any CPU
		{43F93BE8-0AA9-4820-AB41-926063F661CC}.Release|ARM64.Build.0 = Release|Any CPU
		{43F93BE8-0AA9-4820-AB41-926063F661CC}.Release|x64.ActiveCfg = Release|Any CPU
		{43F93BE8-0AA9-4820-AB41-926063F661CC}.Release|x64.Build.0 = Release|Any CPU
		{43F93BE8-0AA9-4820-AB41-926063F661CC}.Release|x86.ActiveCfg = Release|Any CPU
		{43F93BE8-0AA9-4820-AB41-926063F661CC}.Release|x86.Build.0 = Release|Any CPU
		{0B837207-C7DC-4851-B4B6-35D094A4C3A6}.Debug|Any CPU.ActiveCfg = Debug|Any CPU
		{0B837207-C7DC-4851-B4B6-35D094A4C3A6}.Debug|Any CPU.Build.0 = Debug|Any CPU
		{0B837207-C7DC-4851-B4B6-35D094A4C3A6}.Debug|ARM.ActiveCfg = Debug|Any CPU
		{0B837207-C7DC-4851-B4B6-35D094A4C3A6}.Debug|ARM.Build.0 = Debug|Any CPU
		{0B837207-C7DC-4851-B4B6-35D094A4C3A6}.Debug|ARM64.ActiveCfg = Debug|Any CPU
		{0B837207-C7DC-4851-B4B6-35D094A4C3A6}.Debug|ARM64.Build.0 = Debug|Any CPU
		{0B837207-C7DC-4851-B4B6-35D094A4C3A6}.Debug|x64.ActiveCfg = Debug|Any CPU
		{0B837207-C7DC-4851-B4B6-35D094A4C3A6}.Debug|x64.Build.0 = Debug|Any CPU
		{0B837207-C7DC-4851-B4B6-35D094A4C3A6}.Debug|x86.ActiveCfg = Debug|Any CPU
		{0B837207-C7DC-4851-B4B6-35D094A4C3A6}.Debug|x86.Build.0 = Debug|Any CPU
		{0B837207-C7DC-4851-B4B6-35D094A4C3A6}.Release|Any CPU.ActiveCfg = Release|Any CPU
		{0B837207-C7DC-4851-B4B6-35D094A4C3A6}.Release|Any CPU.Build.0 = Release|Any CPU
		{0B837207-C7DC-4851-B4B6-35D094A4C3A6}.Release|ARM.ActiveCfg = Release|Any CPU
		{0B837207-C7DC-4851-B4B6-35D094A4C3A6}.Release|ARM.Build.0 = Release|Any CPU
		{0B837207-C7DC-4851-B4B6-35D094A4C3A6}.Release|ARM64.ActiveCfg = Release|Any CPU
		{0B837207-C7DC-4851-B4B6-35D094A4C3A6}.Release|ARM64.Build.0 = Release|Any CPU
		{0B837207-C7DC-4851-B4B6-35D094A4C3A6}.Release|x64.ActiveCfg = Release|Any CPU
		{0B837207-C7DC-4851-B4B6-35D094A4C3A6}.Release|x64.Build.0 = Release|Any CPU
		{0B837207-C7DC-4851-B4B6-35D094A4C3A6}.Release|x86.ActiveCfg = Release|Any CPU
		{0B837207-C7DC-4851-B4B6-35D094A4C3A6}.Release|x86.Build.0 = Release|Any CPU
		{7CE64A32-3D10-4C41-AB7A-34849A91A267}.Debug|Any CPU.ActiveCfg = Debug|Any CPU
		{7CE64A32-3D10-4C41-AB7A-34849A91A267}.Debug|Any CPU.Build.0 = Debug|Any CPU
		{7CE64A32-3D10-4C41-AB7A-34849A91A267}.Debug|ARM.ActiveCfg = Debug|Any CPU
		{7CE64A32-3D10-4C41-AB7A-34849A91A267}.Debug|ARM.Build.0 = Debug|Any CPU
		{7CE64A32-3D10-4C41-AB7A-34849A91A267}.Debug|ARM64.ActiveCfg = Debug|Any CPU
		{7CE64A32-3D10-4C41-AB7A-34849A91A267}.Debug|ARM64.Build.0 = Debug|Any CPU
		{7CE64A32-3D10-4C41-AB7A-34849A91A267}.Debug|x64.ActiveCfg = Debug|Any CPU
		{7CE64A32-3D10-4C41-AB7A-34849A91A267}.Debug|x64.Build.0 = Debug|Any CPU
		{7CE64A32-3D10-4C41-AB7A-34849A91A267}.Debug|x86.ActiveCfg = Debug|Any CPU
		{7CE64A32-3D10-4C41-AB7A-34849A91A267}.Debug|x86.Build.0 = Debug|Any CPU
		{7CE64A32-3D10-4C41-AB7A-34849A91A267}.Release|Any CPU.ActiveCfg = Release|Any CPU
		{7CE64A32-3D10-4C41-AB7A-34849A91A267}.Release|Any CPU.Build.0 = Release|Any CPU
		{7CE64A32-3D10-4C41-AB7A-34849A91A267}.Release|ARM.ActiveCfg = Release|Any CPU
		{7CE64A32-3D10-4C41-AB7A-34849A91A267}.Release|ARM.Build.0 = Release|Any CPU
		{7CE64A32-3D10-4C41-AB7A-34849A91A267}.Release|ARM64.ActiveCfg = Release|Any CPU
		{7CE64A32-3D10-4C41-AB7A-34849A91A267}.Release|ARM64.Build.0 = Release|Any CPU
		{7CE64A32-3D10-4C41-AB7A-34849A91A267}.Release|x64.ActiveCfg = Release|Any CPU
		{7CE64A32-3D10-4C41-AB7A-34849A91A267}.Release|x64.Build.0 = Release|Any CPU
		{7CE64A32-3D10-4C41-AB7A-34849A91A267}.Release|x86.ActiveCfg = Release|Any CPU
		{7CE64A32-3D10-4C41-AB7A-34849A91A267}.Release|x86.Build.0 = Release|Any CPU
		{D5478AC2-E09E-44D1-9A98-4A0714842E9C}.Debug|Any CPU.ActiveCfg = Debug|Any CPU
		{D5478AC2-E09E-44D1-9A98-4A0714842E9C}.Debug|Any CPU.Build.0 = Debug|Any CPU
		{D5478AC2-E09E-44D1-9A98-4A0714842E9C}.Debug|ARM.ActiveCfg = Debug|Any CPU
		{D5478AC2-E09E-44D1-9A98-4A0714842E9C}.Debug|ARM.Build.0 = Debug|Any CPU
		{D5478AC2-E09E-44D1-9A98-4A0714842E9C}.Debug|ARM64.ActiveCfg = Debug|Any CPU
		{D5478AC2-E09E-44D1-9A98-4A0714842E9C}.Debug|ARM64.Build.0 = Debug|Any CPU
		{D5478AC2-E09E-44D1-9A98-4A0714842E9C}.Debug|x64.ActiveCfg = Debug|Any CPU
		{D5478AC2-E09E-44D1-9A98-4A0714842E9C}.Debug|x64.Build.0 = Debug|Any CPU
		{D5478AC2-E09E-44D1-9A98-4A0714842E9C}.Debug|x86.ActiveCfg = Debug|Any CPU
		{D5478AC2-E09E-44D1-9A98-4A0714842E9C}.Debug|x86.Build.0 = Debug|Any CPU
		{D5478AC2-E09E-44D1-9A98-4A0714842E9C}.Release|Any CPU.ActiveCfg = Release|Any CPU
		{D5478AC2-E09E-44D1-9A98-4A0714842E9C}.Release|Any CPU.Build.0 = Release|Any CPU
		{D5478AC2-E09E-44D1-9A98-4A0714842E9C}.Release|ARM.ActiveCfg = Release|Any CPU
		{D5478AC2-E09E-44D1-9A98-4A0714842E9C}.Release|ARM.Build.0 = Release|Any CPU
		{D5478AC2-E09E-44D1-9A98-4A0714842E9C}.Release|ARM64.ActiveCfg = Release|Any CPU
		{D5478AC2-E09E-44D1-9A98-4A0714842E9C}.Release|ARM64.Build.0 = Release|Any CPU
		{D5478AC2-E09E-44D1-9A98-4A0714842E9C}.Release|x64.ActiveCfg = Release|Any CPU
		{D5478AC2-E09E-44D1-9A98-4A0714842E9C}.Release|x64.Build.0 = Release|Any CPU
		{D5478AC2-E09E-44D1-9A98-4A0714842E9C}.Release|x86.ActiveCfg = Release|Any CPU
		{D5478AC2-E09E-44D1-9A98-4A0714842E9C}.Release|x86.Build.0 = Release|Any CPU
		{82493C43-BF49-48B1-AB97-5F3E8A427AFE}.Debug|Any CPU.ActiveCfg = Debug|Any CPU
		{82493C43-BF49-48B1-AB97-5F3E8A427AFE}.Debug|Any CPU.Build.0 = Debug|Any CPU
		{82493C43-BF49-48B1-AB97-5F3E8A427AFE}.Debug|ARM.ActiveCfg = Debug|Any CPU
		{82493C43-BF49-48B1-AB97-5F3E8A427AFE}.Debug|ARM.Build.0 = Debug|Any CPU
		{82493C43-BF49-48B1-AB97-5F3E8A427AFE}.Debug|ARM64.ActiveCfg = Debug|Any CPU
		{82493C43-BF49-48B1-AB97-5F3E8A427AFE}.Debug|ARM64.Build.0 = Debug|Any CPU
		{82493C43-BF49-48B1-AB97-5F3E8A427AFE}.Debug|x64.ActiveCfg = Debug|Any CPU
		{82493C43-BF49-48B1-AB97-5F3E8A427AFE}.Debug|x64.Build.0 = Debug|Any CPU
		{82493C43-BF49-48B1-AB97-5F3E8A427AFE}.Debug|x86.ActiveCfg = Debug|Any CPU
		{82493C43-BF49-48B1-AB97-5F3E8A427AFE}.Debug|x86.Build.0 = Debug|Any CPU
		{82493C43-BF49-48B1-AB97-5F3E8A427AFE}.Release|Any CPU.ActiveCfg = Release|Any CPU
		{82493C43-BF49-48B1-AB97-5F3E8A427AFE}.Release|Any CPU.Build.0 = Release|Any CPU
		{82493C43-BF49-48B1-AB97-5F3E8A427AFE}.Release|ARM.ActiveCfg = Release|Any CPU
		{82493C43-BF49-48B1-AB97-5F3E8A427AFE}.Release|ARM.Build.0 = Release|Any CPU
		{82493C43-BF49-48B1-AB97-5F3E8A427AFE}.Release|ARM64.ActiveCfg = Release|Any CPU
		{82493C43-BF49-48B1-AB97-5F3E8A427AFE}.Release|ARM64.Build.0 = Release|Any CPU
		{82493C43-BF49-48B1-AB97-5F3E8A427AFE}.Release|x64.ActiveCfg = Release|Any CPU
		{82493C43-BF49-48B1-AB97-5F3E8A427AFE}.Release|x64.Build.0 = Release|Any CPU
		{82493C43-BF49-48B1-AB97-5F3E8A427AFE}.Release|x86.ActiveCfg = Release|Any CPU
		{82493C43-BF49-48B1-AB97-5F3E8A427AFE}.Release|x86.Build.0 = Release|Any CPU
		{73D1E1A1-046A-47EF-AC15-D8AC6DC75041}.Debug|Any CPU.ActiveCfg = Debug|Any CPU
		{73D1E1A1-046A-47EF-AC15-D8AC6DC75041}.Debug|Any CPU.Build.0 = Debug|Any CPU
		{73D1E1A1-046A-47EF-AC15-D8AC6DC75041}.Debug|ARM.ActiveCfg = Debug|Any CPU
		{73D1E1A1-046A-47EF-AC15-D8AC6DC75041}.Debug|ARM.Build.0 = Debug|Any CPU
		{73D1E1A1-046A-47EF-AC15-D8AC6DC75041}.Debug|ARM64.ActiveCfg = Debug|Any CPU
		{73D1E1A1-046A-47EF-AC15-D8AC6DC75041}.Debug|ARM64.Build.0 = Debug|Any CPU
		{73D1E1A1-046A-47EF-AC15-D8AC6DC75041}.Debug|x64.ActiveCfg = Debug|Any CPU
		{73D1E1A1-046A-47EF-AC15-D8AC6DC75041}.Debug|x64.Build.0 = Debug|Any CPU
		{73D1E1A1-046A-47EF-AC15-D8AC6DC75041}.Debug|x86.ActiveCfg = Debug|Any CPU
		{73D1E1A1-046A-47EF-AC15-D8AC6DC75041}.Debug|x86.Build.0 = Debug|Any CPU
		{73D1E1A1-046A-47EF-AC15-D8AC6DC75041}.Release|Any CPU.ActiveCfg = Release|Any CPU
		{73D1E1A1-046A-47EF-AC15-D8AC6DC75041}.Release|Any CPU.Build.0 = Release|Any CPU
		{73D1E1A1-046A-47EF-AC15-D8AC6DC75041}.Release|ARM.ActiveCfg = Release|Any CPU
		{73D1E1A1-046A-47EF-AC15-D8AC6DC75041}.Release|ARM.Build.0 = Release|Any CPU
		{73D1E1A1-046A-47EF-AC15-D8AC6DC75041}.Release|ARM64.ActiveCfg = Release|Any CPU
		{73D1E1A1-046A-47EF-AC15-D8AC6DC75041}.Release|ARM64.Build.0 = Release|Any CPU
		{73D1E1A1-046A-47EF-AC15-D8AC6DC75041}.Release|x64.ActiveCfg = Release|Any CPU
		{73D1E1A1-046A-47EF-AC15-D8AC6DC75041}.Release|x64.Build.0 = Release|Any CPU
		{73D1E1A1-046A-47EF-AC15-D8AC6DC75041}.Release|x86.ActiveCfg = Release|Any CPU
		{73D1E1A1-046A-47EF-AC15-D8AC6DC75041}.Release|x86.Build.0 = Release|Any CPU
		{4A20A010-C173-467A-A906-2A6D9E8D00E3}.Debug|Any CPU.ActiveCfg = Debug|Any CPU
		{4A20A010-C173-467A-A906-2A6D9E8D00E3}.Debug|Any CPU.Build.0 = Debug|Any CPU
		{4A20A010-C173-467A-A906-2A6D9E8D00E3}.Debug|ARM.ActiveCfg = Debug|Any CPU
		{4A20A010-C173-467A-A906-2A6D9E8D00E3}.Debug|ARM.Build.0 = Debug|Any CPU
		{4A20A010-C173-467A-A906-2A6D9E8D00E3}.Debug|ARM64.ActiveCfg = Debug|Any CPU
		{4A20A010-C173-467A-A906-2A6D9E8D00E3}.Debug|ARM64.Build.0 = Debug|Any CPU
		{4A20A010-C173-467A-A906-2A6D9E8D00E3}.Debug|x64.ActiveCfg = Debug|Any CPU
		{4A20A010-C173-467A-A906-2A6D9E8D00E3}.Debug|x64.Build.0 = Debug|Any CPU
		{4A20A010-C173-467A-A906-2A6D9E8D00E3}.Debug|x86.ActiveCfg = Debug|Any CPU
		{4A20A010-C173-467A-A906-2A6D9E8D00E3}.Debug|x86.Build.0 = Debug|Any CPU
		{4A20A010-C173-467A-A906-2A6D9E8D00E3}.Release|Any CPU.ActiveCfg = Release|Any CPU
		{4A20A010-C173-467A-A906-2A6D9E8D00E3}.Release|Any CPU.Build.0 = Release|Any CPU
		{4A20A010-C173-467A-A906-2A6D9E8D00E3}.Release|ARM.ActiveCfg = Release|Any CPU
		{4A20A010-C173-467A-A906-2A6D9E8D00E3}.Release|ARM.Build.0 = Release|Any CPU
		{4A20A010-C173-467A-A906-2A6D9E8D00E3}.Release|ARM64.ActiveCfg = Release|Any CPU
		{4A20A010-C173-467A-A906-2A6D9E8D00E3}.Release|ARM64.Build.0 = Release|Any CPU
		{4A20A010-C173-467A-A906-2A6D9E8D00E3}.Release|x64.ActiveCfg = Release|Any CPU
		{4A20A010-C173-467A-A906-2A6D9E8D00E3}.Release|x64.Build.0 = Release|Any CPU
		{4A20A010-C173-467A-A906-2A6D9E8D00E3}.Release|x86.ActiveCfg = Release|Any CPU
		{4A20A010-C173-467A-A906-2A6D9E8D00E3}.Release|x86.Build.0 = Release|Any CPU
		{DD8AC76C-B15F-4067-91A8-A546A4D7C203}.Debug|Any CPU.ActiveCfg = Debug|Any CPU
		{DD8AC76C-B15F-4067-91A8-A546A4D7C203}.Debug|Any CPU.Build.0 = Debug|Any CPU
		{DD8AC76C-B15F-4067-91A8-A546A4D7C203}.Debug|ARM.ActiveCfg = Debug|Any CPU
		{DD8AC76C-B15F-4067-91A8-A546A4D7C203}.Debug|ARM.Build.0 = Debug|Any CPU
		{DD8AC76C-B15F-4067-91A8-A546A4D7C203}.Debug|ARM64.ActiveCfg = Debug|Any CPU
		{DD8AC76C-B15F-4067-91A8-A546A4D7C203}.Debug|ARM64.Build.0 = Debug|Any CPU
		{DD8AC76C-B15F-4067-91A8-A546A4D7C203}.Debug|x64.ActiveCfg = Debug|Any CPU
		{DD8AC76C-B15F-4067-91A8-A546A4D7C203}.Debug|x64.Build.0 = Debug|Any CPU
		{DD8AC76C-B15F-4067-91A8-A546A4D7C203}.Debug|x86.ActiveCfg = Debug|Any CPU
		{DD8AC76C-B15F-4067-91A8-A546A4D7C203}.Debug|x86.Build.0 = Debug|Any CPU
		{DD8AC76C-B15F-4067-91A8-A546A4D7C203}.Release|Any CPU.ActiveCfg = Release|Any CPU
		{DD8AC76C-B15F-4067-91A8-A546A4D7C203}.Release|Any CPU.Build.0 = Release|Any CPU
		{DD8AC76C-B15F-4067-91A8-A546A4D7C203}.Release|ARM.ActiveCfg = Release|Any CPU
		{DD8AC76C-B15F-4067-91A8-A546A4D7C203}.Release|ARM.Build.0 = Release|Any CPU
		{DD8AC76C-B15F-4067-91A8-A546A4D7C203}.Release|ARM64.ActiveCfg = Release|Any CPU
		{DD8AC76C-B15F-4067-91A8-A546A4D7C203}.Release|ARM64.Build.0 = Release|Any CPU
		{DD8AC76C-B15F-4067-91A8-A546A4D7C203}.Release|x64.ActiveCfg = Release|Any CPU
		{DD8AC76C-B15F-4067-91A8-A546A4D7C203}.Release|x64.Build.0 = Release|Any CPU
		{DD8AC76C-B15F-4067-91A8-A546A4D7C203}.Release|x86.ActiveCfg = Release|Any CPU
		{DD8AC76C-B15F-4067-91A8-A546A4D7C203}.Release|x86.Build.0 = Release|Any CPU
		{99F7B993-9E62-4750-91E2-3FCDE6576768}.Debug|Any CPU.ActiveCfg = Debug|Any CPU
		{99F7B993-9E62-4750-91E2-3FCDE6576768}.Debug|Any CPU.Build.0 = Debug|Any CPU
		{99F7B993-9E62-4750-91E2-3FCDE6576768}.Debug|ARM.ActiveCfg = Debug|Any CPU
		{99F7B993-9E62-4750-91E2-3FCDE6576768}.Debug|ARM.Build.0 = Debug|Any CPU
		{99F7B993-9E62-4750-91E2-3FCDE6576768}.Debug|ARM64.ActiveCfg = Debug|Any CPU
		{99F7B993-9E62-4750-91E2-3FCDE6576768}.Debug|ARM64.Build.0 = Debug|Any CPU
		{99F7B993-9E62-4750-91E2-3FCDE6576768}.Debug|x64.ActiveCfg = Debug|Any CPU
		{99F7B993-9E62-4750-91E2-3FCDE6576768}.Debug|x64.Build.0 = Debug|Any CPU
		{99F7B993-9E62-4750-91E2-3FCDE6576768}.Debug|x86.ActiveCfg = Debug|Any CPU
		{99F7B993-9E62-4750-91E2-3FCDE6576768}.Debug|x86.Build.0 = Debug|Any CPU
		{99F7B993-9E62-4750-91E2-3FCDE6576768}.Release|Any CPU.ActiveCfg = Release|Any CPU
		{99F7B993-9E62-4750-91E2-3FCDE6576768}.Release|Any CPU.Build.0 = Release|Any CPU
		{99F7B993-9E62-4750-91E2-3FCDE6576768}.Release|ARM.ActiveCfg = Release|Any CPU
		{99F7B993-9E62-4750-91E2-3FCDE6576768}.Release|ARM.Build.0 = Release|Any CPU
		{99F7B993-9E62-4750-91E2-3FCDE6576768}.Release|ARM64.ActiveCfg = Release|Any CPU
		{99F7B993-9E62-4750-91E2-3FCDE6576768}.Release|ARM64.Build.0 = Release|Any CPU
		{99F7B993-9E62-4750-91E2-3FCDE6576768}.Release|x64.ActiveCfg = Release|Any CPU
		{99F7B993-9E62-4750-91E2-3FCDE6576768}.Release|x64.Build.0 = Release|Any CPU
		{99F7B993-9E62-4750-91E2-3FCDE6576768}.Release|x86.ActiveCfg = Release|Any CPU
		{99F7B993-9E62-4750-91E2-3FCDE6576768}.Release|x86.Build.0 = Release|Any CPU
		{923F9A20-8DDB-402D-BC47-5577D93ECC1C}.Debug|Any CPU.ActiveCfg = Debug|Any CPU
		{923F9A20-8DDB-402D-BC47-5577D93ECC1C}.Debug|Any CPU.Build.0 = Debug|Any CPU
		{923F9A20-8DDB-402D-BC47-5577D93ECC1C}.Debug|ARM.ActiveCfg = Debug|Any CPU
		{923F9A20-8DDB-402D-BC47-5577D93ECC1C}.Debug|ARM.Build.0 = Debug|Any CPU
		{923F9A20-8DDB-402D-BC47-5577D93ECC1C}.Debug|ARM64.ActiveCfg = Debug|Any CPU
		{923F9A20-8DDB-402D-BC47-5577D93ECC1C}.Debug|ARM64.Build.0 = Debug|Any CPU
		{923F9A20-8DDB-402D-BC47-5577D93ECC1C}.Debug|x64.ActiveCfg = Debug|Any CPU
		{923F9A20-8DDB-402D-BC47-5577D93ECC1C}.Debug|x64.Build.0 = Debug|Any CPU
		{923F9A20-8DDB-402D-BC47-5577D93ECC1C}.Debug|x86.ActiveCfg = Debug|Any CPU
		{923F9A20-8DDB-402D-BC47-5577D93ECC1C}.Debug|x86.Build.0 = Debug|Any CPU
		{923F9A20-8DDB-402D-BC47-5577D93ECC1C}.Release|Any CPU.ActiveCfg = Release|Any CPU
		{923F9A20-8DDB-402D-BC47-5577D93ECC1C}.Release|Any CPU.Build.0 = Release|Any CPU
		{923F9A20-8DDB-402D-BC47-5577D93ECC1C}.Release|ARM.ActiveCfg = Release|Any CPU
		{923F9A20-8DDB-402D-BC47-5577D93ECC1C}.Release|ARM.Build.0 = Release|Any CPU
		{923F9A20-8DDB-402D-BC47-5577D93ECC1C}.Release|ARM64.ActiveCfg = Release|Any CPU
		{923F9A20-8DDB-402D-BC47-5577D93ECC1C}.Release|ARM64.Build.0 = Release|Any CPU
		{923F9A20-8DDB-402D-BC47-5577D93ECC1C}.Release|x64.ActiveCfg = Release|Any CPU
		{923F9A20-8DDB-402D-BC47-5577D93ECC1C}.Release|x64.Build.0 = Release|Any CPU
		{923F9A20-8DDB-402D-BC47-5577D93ECC1C}.Release|x86.ActiveCfg = Release|Any CPU
		{923F9A20-8DDB-402D-BC47-5577D93ECC1C}.Release|x86.Build.0 = Release|Any CPU
		{2C92D286-FFD4-4FDF-9F20-84E20E0B1DED}.Debug|Any CPU.ActiveCfg = Debug|Any CPU
		{2C92D286-FFD4-4FDF-9F20-84E20E0B1DED}.Debug|Any CPU.Build.0 = Debug|Any CPU
		{2C92D286-FFD4-4FDF-9F20-84E20E0B1DED}.Debug|ARM.ActiveCfg = Debug|Any CPU
		{2C92D286-FFD4-4FDF-9F20-84E20E0B1DED}.Debug|ARM.Build.0 = Debug|Any CPU
		{2C92D286-FFD4-4FDF-9F20-84E20E0B1DED}.Debug|ARM64.ActiveCfg = Debug|Any CPU
		{2C92D286-FFD4-4FDF-9F20-84E20E0B1DED}.Debug|ARM64.Build.0 = Debug|Any CPU
		{2C92D286-FFD4-4FDF-9F20-84E20E0B1DED}.Debug|x64.ActiveCfg = Debug|Any CPU
		{2C92D286-FFD4-4FDF-9F20-84E20E0B1DED}.Debug|x64.Build.0 = Debug|Any CPU
		{2C92D286-FFD4-4FDF-9F20-84E20E0B1DED}.Debug|x86.ActiveCfg = Debug|Any CPU
		{2C92D286-FFD4-4FDF-9F20-84E20E0B1DED}.Debug|x86.Build.0 = Debug|Any CPU
		{2C92D286-FFD4-4FDF-9F20-84E20E0B1DED}.Release|Any CPU.ActiveCfg = Release|Any CPU
		{2C92D286-FFD4-4FDF-9F20-84E20E0B1DED}.Release|Any CPU.Build.0 = Release|Any CPU
		{2C92D286-FFD4-4FDF-9F20-84E20E0B1DED}.Release|ARM.ActiveCfg = Release|Any CPU
		{2C92D286-FFD4-4FDF-9F20-84E20E0B1DED}.Release|ARM.Build.0 = Release|Any CPU
		{2C92D286-FFD4-4FDF-9F20-84E20E0B1DED}.Release|ARM64.ActiveCfg = Release|Any CPU
		{2C92D286-FFD4-4FDF-9F20-84E20E0B1DED}.Release|ARM64.Build.0 = Release|Any CPU
		{2C92D286-FFD4-4FDF-9F20-84E20E0B1DED}.Release|x64.ActiveCfg = Release|Any CPU
		{2C92D286-FFD4-4FDF-9F20-84E20E0B1DED}.Release|x64.Build.0 = Release|Any CPU
		{2C92D286-FFD4-4FDF-9F20-84E20E0B1DED}.Release|x86.ActiveCfg = Release|Any CPU
		{2C92D286-FFD4-4FDF-9F20-84E20E0B1DED}.Release|x86.Build.0 = Release|Any CPU
		{D4436FDB-481C-48F2-92AF-F26746945109}.Debug|Any CPU.ActiveCfg = Debug|Any CPU
		{D4436FDB-481C-48F2-92AF-F26746945109}.Debug|Any CPU.Build.0 = Debug|Any CPU
		{D4436FDB-481C-48F2-92AF-F26746945109}.Debug|ARM.ActiveCfg = Debug|Any CPU
		{D4436FDB-481C-48F2-92AF-F26746945109}.Debug|ARM.Build.0 = Debug|Any CPU
		{D4436FDB-481C-48F2-92AF-F26746945109}.Debug|ARM64.ActiveCfg = Debug|Any CPU
		{D4436FDB-481C-48F2-92AF-F26746945109}.Debug|ARM64.Build.0 = Debug|Any CPU
		{D4436FDB-481C-48F2-92AF-F26746945109}.Debug|x64.ActiveCfg = Debug|Any CPU
		{D4436FDB-481C-48F2-92AF-F26746945109}.Debug|x64.Build.0 = Debug|Any CPU
		{D4436FDB-481C-48F2-92AF-F26746945109}.Debug|x86.ActiveCfg = Debug|Any CPU
		{D4436FDB-481C-48F2-92AF-F26746945109}.Debug|x86.Build.0 = Debug|Any CPU
		{D4436FDB-481C-48F2-92AF-F26746945109}.Release|Any CPU.ActiveCfg = Release|Any CPU
		{D4436FDB-481C-48F2-92AF-F26746945109}.Release|Any CPU.Build.0 = Release|Any CPU
		{D4436FDB-481C-48F2-92AF-F26746945109}.Release|ARM.ActiveCfg = Release|Any CPU
		{D4436FDB-481C-48F2-92AF-F26746945109}.Release|ARM.Build.0 = Release|Any CPU
		{D4436FDB-481C-48F2-92AF-F26746945109}.Release|ARM64.ActiveCfg = Release|Any CPU
		{D4436FDB-481C-48F2-92AF-F26746945109}.Release|ARM64.Build.0 = Release|Any CPU
		{D4436FDB-481C-48F2-92AF-F26746945109}.Release|x64.ActiveCfg = Release|Any CPU
		{D4436FDB-481C-48F2-92AF-F26746945109}.Release|x64.Build.0 = Release|Any CPU
		{D4436FDB-481C-48F2-92AF-F26746945109}.Release|x86.ActiveCfg = Release|Any CPU
		{D4436FDB-481C-48F2-92AF-F26746945109}.Release|x86.Build.0 = Release|Any CPU
		{D5D40B6D-69B9-4E6C-92D5-D75DB8A68444}.Debug|Any CPU.ActiveCfg = Debug|Any CPU
		{D5D40B6D-69B9-4E6C-92D5-D75DB8A68444}.Debug|Any CPU.Build.0 = Debug|Any CPU
		{D5D40B6D-69B9-4E6C-92D5-D75DB8A68444}.Debug|ARM.ActiveCfg = Debug|Any CPU
		{D5D40B6D-69B9-4E6C-92D5-D75DB8A68444}.Debug|ARM.Build.0 = Debug|Any CPU
		{D5D40B6D-69B9-4E6C-92D5-D75DB8A68444}.Debug|ARM64.ActiveCfg = Debug|Any CPU
		{D5D40B6D-69B9-4E6C-92D5-D75DB8A68444}.Debug|ARM64.Build.0 = Debug|Any CPU
		{D5D40B6D-69B9-4E6C-92D5-D75DB8A68444}.Debug|x64.ActiveCfg = Debug|Any CPU
		{D5D40B6D-69B9-4E6C-92D5-D75DB8A68444}.Debug|x64.Build.0 = Debug|Any CPU
		{D5D40B6D-69B9-4E6C-92D5-D75DB8A68444}.Debug|x86.ActiveCfg = Debug|Any CPU
		{D5D40B6D-69B9-4E6C-92D5-D75DB8A68444}.Debug|x86.Build.0 = Debug|Any CPU
		{D5D40B6D-69B9-4E6C-92D5-D75DB8A68444}.Release|Any CPU.ActiveCfg = Release|Any CPU
		{D5D40B6D-69B9-4E6C-92D5-D75DB8A68444}.Release|Any CPU.Build.0 = Release|Any CPU
		{D5D40B6D-69B9-4E6C-92D5-D75DB8A68444}.Release|ARM.ActiveCfg = Release|Any CPU
		{D5D40B6D-69B9-4E6C-92D5-D75DB8A68444}.Release|ARM.Build.0 = Release|Any CPU
		{D5D40B6D-69B9-4E6C-92D5-D75DB8A68444}.Release|ARM64.ActiveCfg = Release|Any CPU
		{D5D40B6D-69B9-4E6C-92D5-D75DB8A68444}.Release|ARM64.Build.0 = Release|Any CPU
		{D5D40B6D-69B9-4E6C-92D5-D75DB8A68444}.Release|x64.ActiveCfg = Release|Any CPU
		{D5D40B6D-69B9-4E6C-92D5-D75DB8A68444}.Release|x64.Build.0 = Release|Any CPU
		{D5D40B6D-69B9-4E6C-92D5-D75DB8A68444}.Release|x86.ActiveCfg = Release|Any CPU
		{D5D40B6D-69B9-4E6C-92D5-D75DB8A68444}.Release|x86.Build.0 = Release|Any CPU
		{3CEE065E-7937-4B8E-920B-E74BFCF7FD96}.Debug|Any CPU.ActiveCfg = Debug|Any CPU
		{3CEE065E-7937-4B8E-920B-E74BFCF7FD96}.Debug|Any CPU.Build.0 = Debug|Any CPU
		{3CEE065E-7937-4B8E-920B-E74BFCF7FD96}.Debug|ARM.ActiveCfg = Debug|Any CPU
		{3CEE065E-7937-4B8E-920B-E74BFCF7FD96}.Debug|ARM.Build.0 = Debug|Any CPU
		{3CEE065E-7937-4B8E-920B-E74BFCF7FD96}.Debug|ARM64.ActiveCfg = Debug|Any CPU
		{3CEE065E-7937-4B8E-920B-E74BFCF7FD96}.Debug|ARM64.Build.0 = Debug|Any CPU
		{3CEE065E-7937-4B8E-920B-E74BFCF7FD96}.Debug|x64.ActiveCfg = Debug|Any CPU
		{3CEE065E-7937-4B8E-920B-E74BFCF7FD96}.Debug|x64.Build.0 = Debug|Any CPU
		{3CEE065E-7937-4B8E-920B-E74BFCF7FD96}.Debug|x86.ActiveCfg = Debug|Any CPU
		{3CEE065E-7937-4B8E-920B-E74BFCF7FD96}.Debug|x86.Build.0 = Debug|Any CPU
		{3CEE065E-7937-4B8E-920B-E74BFCF7FD96}.Release|Any CPU.ActiveCfg = Release|Any CPU
		{3CEE065E-7937-4B8E-920B-E74BFCF7FD96}.Release|Any CPU.Build.0 = Release|Any CPU
		{3CEE065E-7937-4B8E-920B-E74BFCF7FD96}.Release|ARM.ActiveCfg = Release|Any CPU
		{3CEE065E-7937-4B8E-920B-E74BFCF7FD96}.Release|ARM.Build.0 = Release|Any CPU
		{3CEE065E-7937-4B8E-920B-E74BFCF7FD96}.Release|ARM64.ActiveCfg = Release|Any CPU
		{3CEE065E-7937-4B8E-920B-E74BFCF7FD96}.Release|ARM64.Build.0 = Release|Any CPU
		{3CEE065E-7937-4B8E-920B-E74BFCF7FD96}.Release|x64.ActiveCfg = Release|Any CPU
		{3CEE065E-7937-4B8E-920B-E74BFCF7FD96}.Release|x64.Build.0 = Release|Any CPU
		{3CEE065E-7937-4B8E-920B-E74BFCF7FD96}.Release|x86.ActiveCfg = Release|Any CPU
		{3CEE065E-7937-4B8E-920B-E74BFCF7FD96}.Release|x86.Build.0 = Release|Any CPU
		{7552BF19-1A90-4625-B5E9-E44EAA979A5B}.Debug|Any CPU.ActiveCfg = Debug|Any CPU
		{7552BF19-1A90-4625-B5E9-E44EAA979A5B}.Debug|Any CPU.Build.0 = Debug|Any CPU
		{7552BF19-1A90-4625-B5E9-E44EAA979A5B}.Debug|ARM.ActiveCfg = Debug|Any CPU
		{7552BF19-1A90-4625-B5E9-E44EAA979A5B}.Debug|ARM.Build.0 = Debug|Any CPU
		{7552BF19-1A90-4625-B5E9-E44EAA979A5B}.Debug|ARM64.ActiveCfg = Debug|Any CPU
		{7552BF19-1A90-4625-B5E9-E44EAA979A5B}.Debug|ARM64.Build.0 = Debug|Any CPU
		{7552BF19-1A90-4625-B5E9-E44EAA979A5B}.Debug|x64.ActiveCfg = Debug|Any CPU
		{7552BF19-1A90-4625-B5E9-E44EAA979A5B}.Debug|x64.Build.0 = Debug|Any CPU
		{7552BF19-1A90-4625-B5E9-E44EAA979A5B}.Debug|x86.ActiveCfg = Debug|Any CPU
		{7552BF19-1A90-4625-B5E9-E44EAA979A5B}.Debug|x86.Build.0 = Debug|Any CPU
		{7552BF19-1A90-4625-B5E9-E44EAA979A5B}.Release|Any CPU.ActiveCfg = Release|Any CPU
		{7552BF19-1A90-4625-B5E9-E44EAA979A5B}.Release|Any CPU.Build.0 = Release|Any CPU
		{7552BF19-1A90-4625-B5E9-E44EAA979A5B}.Release|ARM.ActiveCfg = Release|Any CPU
		{7552BF19-1A90-4625-B5E9-E44EAA979A5B}.Release|ARM.Build.0 = Release|Any CPU
		{7552BF19-1A90-4625-B5E9-E44EAA979A5B}.Release|ARM64.ActiveCfg = Release|Any CPU
		{7552BF19-1A90-4625-B5E9-E44EAA979A5B}.Release|ARM64.Build.0 = Release|Any CPU
		{7552BF19-1A90-4625-B5E9-E44EAA979A5B}.Release|x64.ActiveCfg = Release|Any CPU
		{7552BF19-1A90-4625-B5E9-E44EAA979A5B}.Release|x64.Build.0 = Release|Any CPU
		{7552BF19-1A90-4625-B5E9-E44EAA979A5B}.Release|x86.ActiveCfg = Release|Any CPU
		{7552BF19-1A90-4625-B5E9-E44EAA979A5B}.Release|x86.Build.0 = Release|Any CPU
		{DE11F950-17A3-497F-B1AA-BC0F8CFCEDFC}.Debug|Any CPU.ActiveCfg = Debug|Any CPU
		{DE11F950-17A3-497F-B1AA-BC0F8CFCEDFC}.Debug|Any CPU.Build.0 = Debug|Any CPU
		{DE11F950-17A3-497F-B1AA-BC0F8CFCEDFC}.Debug|ARM.ActiveCfg = Debug|Any CPU
		{DE11F950-17A3-497F-B1AA-BC0F8CFCEDFC}.Debug|ARM.Build.0 = Debug|Any CPU
		{DE11F950-17A3-497F-B1AA-BC0F8CFCEDFC}.Debug|ARM64.ActiveCfg = Debug|Any CPU
		{DE11F950-17A3-497F-B1AA-BC0F8CFCEDFC}.Debug|ARM64.Build.0 = Debug|Any CPU
		{DE11F950-17A3-497F-B1AA-BC0F8CFCEDFC}.Debug|x64.ActiveCfg = Debug|Any CPU
		{DE11F950-17A3-497F-B1AA-BC0F8CFCEDFC}.Debug|x64.Build.0 = Debug|Any CPU
		{DE11F950-17A3-497F-B1AA-BC0F8CFCEDFC}.Debug|x86.ActiveCfg = Debug|Any CPU
		{DE11F950-17A3-497F-B1AA-BC0F8CFCEDFC}.Debug|x86.Build.0 = Debug|Any CPU
		{DE11F950-17A3-497F-B1AA-BC0F8CFCEDFC}.Release|Any CPU.ActiveCfg = Release|Any CPU
		{DE11F950-17A3-497F-B1AA-BC0F8CFCEDFC}.Release|Any CPU.Build.0 = Release|Any CPU
		{DE11F950-17A3-497F-B1AA-BC0F8CFCEDFC}.Release|ARM.ActiveCfg = Release|Any CPU
		{DE11F950-17A3-497F-B1AA-BC0F8CFCEDFC}.Release|ARM.Build.0 = Release|Any CPU
		{DE11F950-17A3-497F-B1AA-BC0F8CFCEDFC}.Release|ARM64.ActiveCfg = Release|Any CPU
		{DE11F950-17A3-497F-B1AA-BC0F8CFCEDFC}.Release|ARM64.Build.0 = Release|Any CPU
		{DE11F950-17A3-497F-B1AA-BC0F8CFCEDFC}.Release|x64.ActiveCfg = Release|Any CPU
		{DE11F950-17A3-497F-B1AA-BC0F8CFCEDFC}.Release|x64.Build.0 = Release|Any CPU
		{DE11F950-17A3-497F-B1AA-BC0F8CFCEDFC}.Release|x86.ActiveCfg = Release|Any CPU
		{DE11F950-17A3-497F-B1AA-BC0F8CFCEDFC}.Release|x86.Build.0 = Release|Any CPU
		{D9A8E75D-0689-45EC-837D-68CA9EA3B0AE}.Debug|Any CPU.ActiveCfg = Debug|Any CPU
		{D9A8E75D-0689-45EC-837D-68CA9EA3B0AE}.Debug|Any CPU.Build.0 = Debug|Any CPU
		{D9A8E75D-0689-45EC-837D-68CA9EA3B0AE}.Debug|ARM.ActiveCfg = Debug|Any CPU
		{D9A8E75D-0689-45EC-837D-68CA9EA3B0AE}.Debug|ARM.Build.0 = Debug|Any CPU
		{D9A8E75D-0689-45EC-837D-68CA9EA3B0AE}.Debug|ARM64.ActiveCfg = Debug|Any CPU
		{D9A8E75D-0689-45EC-837D-68CA9EA3B0AE}.Debug|ARM64.Build.0 = Debug|Any CPU
		{D9A8E75D-0689-45EC-837D-68CA9EA3B0AE}.Debug|x64.ActiveCfg = Debug|Any CPU
		{D9A8E75D-0689-45EC-837D-68CA9EA3B0AE}.Debug|x64.Build.0 = Debug|Any CPU
		{D9A8E75D-0689-45EC-837D-68CA9EA3B0AE}.Debug|x86.ActiveCfg = Debug|Any CPU
		{D9A8E75D-0689-45EC-837D-68CA9EA3B0AE}.Debug|x86.Build.0 = Debug|Any CPU
		{D9A8E75D-0689-45EC-837D-68CA9EA3B0AE}.Release|Any CPU.ActiveCfg = Release|Any CPU
		{D9A8E75D-0689-45EC-837D-68CA9EA3B0AE}.Release|Any CPU.Build.0 = Release|Any CPU
		{D9A8E75D-0689-45EC-837D-68CA9EA3B0AE}.Release|ARM.ActiveCfg = Release|Any CPU
		{D9A8E75D-0689-45EC-837D-68CA9EA3B0AE}.Release|ARM.Build.0 = Release|Any CPU
		{D9A8E75D-0689-45EC-837D-68CA9EA3B0AE}.Release|ARM64.ActiveCfg = Release|Any CPU
		{D9A8E75D-0689-45EC-837D-68CA9EA3B0AE}.Release|ARM64.Build.0 = Release|Any CPU
		{D9A8E75D-0689-45EC-837D-68CA9EA3B0AE}.Release|x64.ActiveCfg = Release|Any CPU
		{D9A8E75D-0689-45EC-837D-68CA9EA3B0AE}.Release|x64.Build.0 = Release|Any CPU
		{D9A8E75D-0689-45EC-837D-68CA9EA3B0AE}.Release|x86.ActiveCfg = Release|Any CPU
		{D9A8E75D-0689-45EC-837D-68CA9EA3B0AE}.Release|x86.Build.0 = Release|Any CPU
		{1F2AC1F7-83CA-4503-894C-4C58C8D96869}.Debug|Any CPU.ActiveCfg = Debug|Any CPU
		{1F2AC1F7-83CA-4503-894C-4C58C8D96869}.Debug|Any CPU.Build.0 = Debug|Any CPU
		{1F2AC1F7-83CA-4503-894C-4C58C8D96869}.Debug|ARM.ActiveCfg = Debug|Any CPU
		{1F2AC1F7-83CA-4503-894C-4C58C8D96869}.Debug|ARM.Build.0 = Debug|Any CPU
		{1F2AC1F7-83CA-4503-894C-4C58C8D96869}.Debug|ARM64.ActiveCfg = Debug|Any CPU
		{1F2AC1F7-83CA-4503-894C-4C58C8D96869}.Debug|ARM64.Build.0 = Debug|Any CPU
		{1F2AC1F7-83CA-4503-894C-4C58C8D96869}.Debug|x64.ActiveCfg = Debug|Any CPU
		{1F2AC1F7-83CA-4503-894C-4C58C8D96869}.Debug|x64.Build.0 = Debug|Any CPU
		{1F2AC1F7-83CA-4503-894C-4C58C8D96869}.Debug|x86.ActiveCfg = Debug|Any CPU
		{1F2AC1F7-83CA-4503-894C-4C58C8D96869}.Debug|x86.Build.0 = Debug|Any CPU
		{1F2AC1F7-83CA-4503-894C-4C58C8D96869}.Release|Any CPU.ActiveCfg = Release|Any CPU
		{1F2AC1F7-83CA-4503-894C-4C58C8D96869}.Release|Any CPU.Build.0 = Release|Any CPU
		{1F2AC1F7-83CA-4503-894C-4C58C8D96869}.Release|ARM.ActiveCfg = Release|Any CPU
		{1F2AC1F7-83CA-4503-894C-4C58C8D96869}.Release|ARM.Build.0 = Release|Any CPU
		{1F2AC1F7-83CA-4503-894C-4C58C8D96869}.Release|ARM64.ActiveCfg = Release|Any CPU
		{1F2AC1F7-83CA-4503-894C-4C58C8D96869}.Release|ARM64.Build.0 = Release|Any CPU
		{1F2AC1F7-83CA-4503-894C-4C58C8D96869}.Release|x64.ActiveCfg = Release|Any CPU
		{1F2AC1F7-83CA-4503-894C-4C58C8D96869}.Release|x64.Build.0 = Release|Any CPU
		{1F2AC1F7-83CA-4503-894C-4C58C8D96869}.Release|x86.ActiveCfg = Release|Any CPU
		{1F2AC1F7-83CA-4503-894C-4C58C8D96869}.Release|x86.Build.0 = Release|Any CPU
		{CE0105E5-1A48-446C-A8F1-92D157105236}.Debug|Any CPU.ActiveCfg = Debug|Any CPU
		{CE0105E5-1A48-446C-A8F1-92D157105236}.Debug|Any CPU.Build.0 = Debug|Any CPU
		{CE0105E5-1A48-446C-A8F1-92D157105236}.Debug|ARM.ActiveCfg = Debug|Any CPU
		{CE0105E5-1A48-446C-A8F1-92D157105236}.Debug|ARM.Build.0 = Debug|Any CPU
		{CE0105E5-1A48-446C-A8F1-92D157105236}.Debug|ARM64.ActiveCfg = Debug|Any CPU
		{CE0105E5-1A48-446C-A8F1-92D157105236}.Debug|ARM64.Build.0 = Debug|Any CPU
		{CE0105E5-1A48-446C-A8F1-92D157105236}.Debug|x64.ActiveCfg = Debug|Any CPU
		{CE0105E5-1A48-446C-A8F1-92D157105236}.Debug|x64.Build.0 = Debug|Any CPU
		{CE0105E5-1A48-446C-A8F1-92D157105236}.Debug|x86.ActiveCfg = Debug|Any CPU
		{CE0105E5-1A48-446C-A8F1-92D157105236}.Debug|x86.Build.0 = Debug|Any CPU
		{CE0105E5-1A48-446C-A8F1-92D157105236}.Release|Any CPU.ActiveCfg = Release|Any CPU
		{CE0105E5-1A48-446C-A8F1-92D157105236}.Release|Any CPU.Build.0 = Release|Any CPU
		{CE0105E5-1A48-446C-A8F1-92D157105236}.Release|ARM.ActiveCfg = Release|Any CPU
		{CE0105E5-1A48-446C-A8F1-92D157105236}.Release|ARM.Build.0 = Release|Any CPU
		{CE0105E5-1A48-446C-A8F1-92D157105236}.Release|ARM64.ActiveCfg = Release|Any CPU
		{CE0105E5-1A48-446C-A8F1-92D157105236}.Release|ARM64.Build.0 = Release|Any CPU
		{CE0105E5-1A48-446C-A8F1-92D157105236}.Release|x64.ActiveCfg = Release|Any CPU
		{CE0105E5-1A48-446C-A8F1-92D157105236}.Release|x64.Build.0 = Release|Any CPU
		{CE0105E5-1A48-446C-A8F1-92D157105236}.Release|x86.ActiveCfg = Release|Any CPU
		{CE0105E5-1A48-446C-A8F1-92D157105236}.Release|x86.Build.0 = Release|Any CPU
		{612EF5D8-DB52-4116-9D2B-8A2A78EA89A2}.Debug|Any CPU.ActiveCfg = Debug|Any CPU
		{612EF5D8-DB52-4116-9D2B-8A2A78EA89A2}.Debug|Any CPU.Build.0 = Debug|Any CPU
		{612EF5D8-DB52-4116-9D2B-8A2A78EA89A2}.Debug|ARM.ActiveCfg = Debug|Any CPU
		{612EF5D8-DB52-4116-9D2B-8A2A78EA89A2}.Debug|ARM.Build.0 = Debug|Any CPU
		{612EF5D8-DB52-4116-9D2B-8A2A78EA89A2}.Debug|ARM64.ActiveCfg = Debug|Any CPU
		{612EF5D8-DB52-4116-9D2B-8A2A78EA89A2}.Debug|ARM64.Build.0 = Debug|Any CPU
		{612EF5D8-DB52-4116-9D2B-8A2A78EA89A2}.Debug|x64.ActiveCfg = Debug|Any CPU
		{612EF5D8-DB52-4116-9D2B-8A2A78EA89A2}.Debug|x64.Build.0 = Debug|Any CPU
		{612EF5D8-DB52-4116-9D2B-8A2A78EA89A2}.Debug|x86.ActiveCfg = Debug|Any CPU
		{612EF5D8-DB52-4116-9D2B-8A2A78EA89A2}.Debug|x86.Build.0 = Debug|Any CPU
		{612EF5D8-DB52-4116-9D2B-8A2A78EA89A2}.Release|Any CPU.ActiveCfg = Release|Any CPU
		{612EF5D8-DB52-4116-9D2B-8A2A78EA89A2}.Release|Any CPU.Build.0 = Release|Any CPU
		{612EF5D8-DB52-4116-9D2B-8A2A78EA89A2}.Release|ARM.ActiveCfg = Release|Any CPU
		{612EF5D8-DB52-4116-9D2B-8A2A78EA89A2}.Release|ARM.Build.0 = Release|Any CPU
		{612EF5D8-DB52-4116-9D2B-8A2A78EA89A2}.Release|ARM64.ActiveCfg = Release|Any CPU
		{612EF5D8-DB52-4116-9D2B-8A2A78EA89A2}.Release|ARM64.Build.0 = Release|Any CPU
		{612EF5D8-DB52-4116-9D2B-8A2A78EA89A2}.Release|x64.ActiveCfg = Release|Any CPU
		{612EF5D8-DB52-4116-9D2B-8A2A78EA89A2}.Release|x64.Build.0 = Release|Any CPU
		{612EF5D8-DB52-4116-9D2B-8A2A78EA89A2}.Release|x86.ActiveCfg = Release|Any CPU
		{612EF5D8-DB52-4116-9D2B-8A2A78EA89A2}.Release|x86.Build.0 = Release|Any CPU
		{67FAA4FD-1DA9-4BEF-ACD2-441B7C8A5104}.Debug|Any CPU.ActiveCfg = Debug|Any CPU
		{67FAA4FD-1DA9-4BEF-ACD2-441B7C8A5104}.Debug|Any CPU.Build.0 = Debug|Any CPU
		{67FAA4FD-1DA9-4BEF-ACD2-441B7C8A5104}.Debug|ARM.ActiveCfg = Debug|Any CPU
		{67FAA4FD-1DA9-4BEF-ACD2-441B7C8A5104}.Debug|ARM.Build.0 = Debug|Any CPU
		{67FAA4FD-1DA9-4BEF-ACD2-441B7C8A5104}.Debug|ARM64.ActiveCfg = Debug|Any CPU
		{67FAA4FD-1DA9-4BEF-ACD2-441B7C8A5104}.Debug|ARM64.Build.0 = Debug|Any CPU
		{67FAA4FD-1DA9-4BEF-ACD2-441B7C8A5104}.Debug|x64.ActiveCfg = Debug|Any CPU
		{67FAA4FD-1DA9-4BEF-ACD2-441B7C8A5104}.Debug|x64.Build.0 = Debug|Any CPU
		{67FAA4FD-1DA9-4BEF-ACD2-441B7C8A5104}.Debug|x86.ActiveCfg = Debug|Any CPU
		{67FAA4FD-1DA9-4BEF-ACD2-441B7C8A5104}.Debug|x86.Build.0 = Debug|Any CPU
		{67FAA4FD-1DA9-4BEF-ACD2-441B7C8A5104}.Release|Any CPU.ActiveCfg = Release|Any CPU
		{67FAA4FD-1DA9-4BEF-ACD2-441B7C8A5104}.Release|Any CPU.Build.0 = Release|Any CPU
		{67FAA4FD-1DA9-4BEF-ACD2-441B7C8A5104}.Release|ARM.ActiveCfg = Release|Any CPU
		{67FAA4FD-1DA9-4BEF-ACD2-441B7C8A5104}.Release|ARM.Build.0 = Release|Any CPU
		{67FAA4FD-1DA9-4BEF-ACD2-441B7C8A5104}.Release|ARM64.ActiveCfg = Release|Any CPU
		{67FAA4FD-1DA9-4BEF-ACD2-441B7C8A5104}.Release|ARM64.Build.0 = Release|Any CPU
		{67FAA4FD-1DA9-4BEF-ACD2-441B7C8A5104}.Release|x64.ActiveCfg = Release|Any CPU
		{67FAA4FD-1DA9-4BEF-ACD2-441B7C8A5104}.Release|x64.Build.0 = Release|Any CPU
		{67FAA4FD-1DA9-4BEF-ACD2-441B7C8A5104}.Release|x86.ActiveCfg = Release|Any CPU
		{67FAA4FD-1DA9-4BEF-ACD2-441B7C8A5104}.Release|x86.Build.0 = Release|Any CPU
		{DE816E67-8391-41EB-A201-C88DE1A6F544}.Debug|Any CPU.ActiveCfg = Debug|Any CPU
		{DE816E67-8391-41EB-A201-C88DE1A6F544}.Debug|Any CPU.Build.0 = Debug|Any CPU
		{DE816E67-8391-41EB-A201-C88DE1A6F544}.Debug|ARM.ActiveCfg = Debug|Any CPU
		{DE816E67-8391-41EB-A201-C88DE1A6F544}.Debug|ARM.Build.0 = Debug|Any CPU
		{DE816E67-8391-41EB-A201-C88DE1A6F544}.Debug|ARM64.ActiveCfg = Debug|Any CPU
		{DE816E67-8391-41EB-A201-C88DE1A6F544}.Debug|ARM64.Build.0 = Debug|Any CPU
		{DE816E67-8391-41EB-A201-C88DE1A6F544}.Debug|x64.ActiveCfg = Debug|Any CPU
		{DE816E67-8391-41EB-A201-C88DE1A6F544}.Debug|x64.Build.0 = Debug|Any CPU
		{DE816E67-8391-41EB-A201-C88DE1A6F544}.Debug|x86.ActiveCfg = Debug|Any CPU
		{DE816E67-8391-41EB-A201-C88DE1A6F544}.Debug|x86.Build.0 = Debug|Any CPU
		{DE816E67-8391-41EB-A201-C88DE1A6F544}.Release|Any CPU.ActiveCfg = Release|Any CPU
		{DE816E67-8391-41EB-A201-C88DE1A6F544}.Release|Any CPU.Build.0 = Release|Any CPU
		{DE816E67-8391-41EB-A201-C88DE1A6F544}.Release|ARM.ActiveCfg = Release|Any CPU
		{DE816E67-8391-41EB-A201-C88DE1A6F544}.Release|ARM.Build.0 = Release|Any CPU
		{DE816E67-8391-41EB-A201-C88DE1A6F544}.Release|ARM64.ActiveCfg = Release|Any CPU
		{DE816E67-8391-41EB-A201-C88DE1A6F544}.Release|ARM64.Build.0 = Release|Any CPU
		{DE816E67-8391-41EB-A201-C88DE1A6F544}.Release|x64.ActiveCfg = Release|Any CPU
		{DE816E67-8391-41EB-A201-C88DE1A6F544}.Release|x64.Build.0 = Release|Any CPU
		{DE816E67-8391-41EB-A201-C88DE1A6F544}.Release|x86.ActiveCfg = Release|Any CPU
		{DE816E67-8391-41EB-A201-C88DE1A6F544}.Release|x86.Build.0 = Release|Any CPU
		{69C7F304-F15B-4AD4-8121-8C0948511B1A}.Debug|Any CPU.ActiveCfg = Debug|Any CPU
		{69C7F304-F15B-4AD4-8121-8C0948511B1A}.Debug|Any CPU.Build.0 = Debug|Any CPU
		{69C7F304-F15B-4AD4-8121-8C0948511B1A}.Debug|ARM.ActiveCfg = Debug|Any CPU
		{69C7F304-F15B-4AD4-8121-8C0948511B1A}.Debug|ARM.Build.0 = Debug|Any CPU
		{69C7F304-F15B-4AD4-8121-8C0948511B1A}.Debug|ARM64.ActiveCfg = Debug|Any CPU
		{69C7F304-F15B-4AD4-8121-8C0948511B1A}.Debug|ARM64.Build.0 = Debug|Any CPU
		{69C7F304-F15B-4AD4-8121-8C0948511B1A}.Debug|x64.ActiveCfg = Debug|Any CPU
		{69C7F304-F15B-4AD4-8121-8C0948511B1A}.Debug|x64.Build.0 = Debug|Any CPU
		{69C7F304-F15B-4AD4-8121-8C0948511B1A}.Debug|x86.ActiveCfg = Debug|Any CPU
		{69C7F304-F15B-4AD4-8121-8C0948511B1A}.Debug|x86.Build.0 = Debug|Any CPU
		{69C7F304-F15B-4AD4-8121-8C0948511B1A}.Release|Any CPU.ActiveCfg = Release|Any CPU
		{69C7F304-F15B-4AD4-8121-8C0948511B1A}.Release|Any CPU.Build.0 = Release|Any CPU
		{69C7F304-F15B-4AD4-8121-8C0948511B1A}.Release|ARM.ActiveCfg = Release|Any CPU
		{69C7F304-F15B-4AD4-8121-8C0948511B1A}.Release|ARM.Build.0 = Release|Any CPU
		{69C7F304-F15B-4AD4-8121-8C0948511B1A}.Release|ARM64.ActiveCfg = Release|Any CPU
		{69C7F304-F15B-4AD4-8121-8C0948511B1A}.Release|ARM64.Build.0 = Release|Any CPU
		{69C7F304-F15B-4AD4-8121-8C0948511B1A}.Release|x64.ActiveCfg = Release|Any CPU
		{69C7F304-F15B-4AD4-8121-8C0948511B1A}.Release|x64.Build.0 = Release|Any CPU
		{69C7F304-F15B-4AD4-8121-8C0948511B1A}.Release|x86.ActiveCfg = Release|Any CPU
		{69C7F304-F15B-4AD4-8121-8C0948511B1A}.Release|x86.Build.0 = Release|Any CPU
		{DF995184-A005-4DEC-B8A6-D614609FD144}.Debug|Any CPU.ActiveCfg = Debug|Any CPU
		{DF995184-A005-4DEC-B8A6-D614609FD144}.Debug|Any CPU.Build.0 = Debug|Any CPU
		{DF995184-A005-4DEC-B8A6-D614609FD144}.Debug|ARM.ActiveCfg = Debug|Any CPU
		{DF995184-A005-4DEC-B8A6-D614609FD144}.Debug|ARM.Build.0 = Debug|Any CPU
		{DF995184-A005-4DEC-B8A6-D614609FD144}.Debug|ARM64.ActiveCfg = Debug|Any CPU
		{DF995184-A005-4DEC-B8A6-D614609FD144}.Debug|ARM64.Build.0 = Debug|Any CPU
		{DF995184-A005-4DEC-B8A6-D614609FD144}.Debug|x64.ActiveCfg = Debug|Any CPU
		{DF995184-A005-4DEC-B8A6-D614609FD144}.Debug|x64.Build.0 = Debug|Any CPU
		{DF995184-A005-4DEC-B8A6-D614609FD144}.Debug|x86.ActiveCfg = Debug|Any CPU
		{DF995184-A005-4DEC-B8A6-D614609FD144}.Debug|x86.Build.0 = Debug|Any CPU
		{DF995184-A005-4DEC-B8A6-D614609FD144}.Release|Any CPU.ActiveCfg = Release|Any CPU
		{DF995184-A005-4DEC-B8A6-D614609FD144}.Release|Any CPU.Build.0 = Release|Any CPU
		{DF995184-A005-4DEC-B8A6-D614609FD144}.Release|ARM.ActiveCfg = Release|Any CPU
		{DF995184-A005-4DEC-B8A6-D614609FD144}.Release|ARM.Build.0 = Release|Any CPU
		{DF995184-A005-4DEC-B8A6-D614609FD144}.Release|ARM64.ActiveCfg = Release|Any CPU
		{DF995184-A005-4DEC-B8A6-D614609FD144}.Release|ARM64.Build.0 = Release|Any CPU
		{DF995184-A005-4DEC-B8A6-D614609FD144}.Release|x64.ActiveCfg = Release|Any CPU
		{DF995184-A005-4DEC-B8A6-D614609FD144}.Release|x64.Build.0 = Release|Any CPU
		{DF995184-A005-4DEC-B8A6-D614609FD144}.Release|x86.ActiveCfg = Release|Any CPU
		{DF995184-A005-4DEC-B8A6-D614609FD144}.Release|x86.Build.0 = Release|Any CPU
		{FC851AF2-A761-4EA5-BF1F-697E645F7AD6}.Debug|Any CPU.ActiveCfg = Debug|Any CPU
		{FC851AF2-A761-4EA5-BF1F-697E645F7AD6}.Debug|Any CPU.Build.0 = Debug|Any CPU
		{FC851AF2-A761-4EA5-BF1F-697E645F7AD6}.Debug|ARM.ActiveCfg = Debug|Any CPU
		{FC851AF2-A761-4EA5-BF1F-697E645F7AD6}.Debug|ARM.Build.0 = Debug|Any CPU
		{FC851AF2-A761-4EA5-BF1F-697E645F7AD6}.Debug|ARM64.ActiveCfg = Debug|Any CPU
		{FC851AF2-A761-4EA5-BF1F-697E645F7AD6}.Debug|ARM64.Build.0 = Debug|Any CPU
		{FC851AF2-A761-4EA5-BF1F-697E645F7AD6}.Debug|x64.ActiveCfg = Debug|Any CPU
		{FC851AF2-A761-4EA5-BF1F-697E645F7AD6}.Debug|x64.Build.0 = Debug|Any CPU
		{FC851AF2-A761-4EA5-BF1F-697E645F7AD6}.Debug|x86.ActiveCfg = Debug|Any CPU
		{FC851AF2-A761-4EA5-BF1F-697E645F7AD6}.Debug|x86.Build.0 = Debug|Any CPU
		{FC851AF2-A761-4EA5-BF1F-697E645F7AD6}.Release|Any CPU.ActiveCfg = Release|Any CPU
		{FC851AF2-A761-4EA5-BF1F-697E645F7AD6}.Release|Any CPU.Build.0 = Release|Any CPU
		{FC851AF2-A761-4EA5-BF1F-697E645F7AD6}.Release|ARM.ActiveCfg = Release|Any CPU
		{FC851AF2-A761-4EA5-BF1F-697E645F7AD6}.Release|ARM.Build.0 = Release|Any CPU
		{FC851AF2-A761-4EA5-BF1F-697E645F7AD6}.Release|ARM64.ActiveCfg = Release|Any CPU
		{FC851AF2-A761-4EA5-BF1F-697E645F7AD6}.Release|ARM64.Build.0 = Release|Any CPU
		{FC851AF2-A761-4EA5-BF1F-697E645F7AD6}.Release|x64.ActiveCfg = Release|Any CPU
		{FC851AF2-A761-4EA5-BF1F-697E645F7AD6}.Release|x64.Build.0 = Release|Any CPU
		{FC851AF2-A761-4EA5-BF1F-697E645F7AD6}.Release|x86.ActiveCfg = Release|Any CPU
		{FC851AF2-A761-4EA5-BF1F-697E645F7AD6}.Release|x86.Build.0 = Release|Any CPU
		{A00D5BE7-4C68-4658-8647-A5C39BC0EE7E}.Debug|Any CPU.ActiveCfg = Debug|Any CPU
		{A00D5BE7-4C68-4658-8647-A5C39BC0EE7E}.Debug|Any CPU.Build.0 = Debug|Any CPU
		{A00D5BE7-4C68-4658-8647-A5C39BC0EE7E}.Debug|ARM.ActiveCfg = Debug|Any CPU
		{A00D5BE7-4C68-4658-8647-A5C39BC0EE7E}.Debug|ARM.Build.0 = Debug|Any CPU
		{A00D5BE7-4C68-4658-8647-A5C39BC0EE7E}.Debug|ARM64.ActiveCfg = Debug|Any CPU
		{A00D5BE7-4C68-4658-8647-A5C39BC0EE7E}.Debug|ARM64.Build.0 = Debug|Any CPU
		{A00D5BE7-4C68-4658-8647-A5C39BC0EE7E}.Debug|x64.ActiveCfg = Debug|Any CPU
		{A00D5BE7-4C68-4658-8647-A5C39BC0EE7E}.Debug|x64.Build.0 = Debug|Any CPU
		{A00D5BE7-4C68-4658-8647-A5C39BC0EE7E}.Debug|x86.ActiveCfg = Debug|Any CPU
		{A00D5BE7-4C68-4658-8647-A5C39BC0EE7E}.Debug|x86.Build.0 = Debug|Any CPU
		{A00D5BE7-4C68-4658-8647-A5C39BC0EE7E}.Release|Any CPU.ActiveCfg = Release|Any CPU
		{A00D5BE7-4C68-4658-8647-A5C39BC0EE7E}.Release|Any CPU.Build.0 = Release|Any CPU
		{A00D5BE7-4C68-4658-8647-A5C39BC0EE7E}.Release|ARM.ActiveCfg = Release|Any CPU
		{A00D5BE7-4C68-4658-8647-A5C39BC0EE7E}.Release|ARM.Build.0 = Release|Any CPU
		{A00D5BE7-4C68-4658-8647-A5C39BC0EE7E}.Release|ARM64.ActiveCfg = Release|Any CPU
		{A00D5BE7-4C68-4658-8647-A5C39BC0EE7E}.Release|ARM64.Build.0 = Release|Any CPU
		{A00D5BE7-4C68-4658-8647-A5C39BC0EE7E}.Release|x64.ActiveCfg = Release|Any CPU
		{A00D5BE7-4C68-4658-8647-A5C39BC0EE7E}.Release|x64.Build.0 = Release|Any CPU
		{A00D5BE7-4C68-4658-8647-A5C39BC0EE7E}.Release|x86.ActiveCfg = Release|Any CPU
		{A00D5BE7-4C68-4658-8647-A5C39BC0EE7E}.Release|x86.Build.0 = Release|Any CPU
		{DE52BDE8-056D-4A81-BB89-D586E9733B64}.Debug|Any CPU.ActiveCfg = Debug|Any CPU
		{DE52BDE8-056D-4A81-BB89-D586E9733B64}.Debug|Any CPU.Build.0 = Debug|Any CPU
		{DE52BDE8-056D-4A81-BB89-D586E9733B64}.Debug|ARM.ActiveCfg = Debug|Any CPU
		{DE52BDE8-056D-4A81-BB89-D586E9733B64}.Debug|ARM.Build.0 = Debug|Any CPU
		{DE52BDE8-056D-4A81-BB89-D586E9733B64}.Debug|ARM64.ActiveCfg = Debug|Any CPU
		{DE52BDE8-056D-4A81-BB89-D586E9733B64}.Debug|ARM64.Build.0 = Debug|Any CPU
		{DE52BDE8-056D-4A81-BB89-D586E9733B64}.Debug|x64.ActiveCfg = Debug|Any CPU
		{DE52BDE8-056D-4A81-BB89-D586E9733B64}.Debug|x64.Build.0 = Debug|Any CPU
		{DE52BDE8-056D-4A81-BB89-D586E9733B64}.Debug|x86.ActiveCfg = Debug|Any CPU
		{DE52BDE8-056D-4A81-BB89-D586E9733B64}.Debug|x86.Build.0 = Debug|Any CPU
		{DE52BDE8-056D-4A81-BB89-D586E9733B64}.Release|Any CPU.ActiveCfg = Release|Any CPU
		{DE52BDE8-056D-4A81-BB89-D586E9733B64}.Release|Any CPU.Build.0 = Release|Any CPU
		{DE52BDE8-056D-4A81-BB89-D586E9733B64}.Release|ARM.ActiveCfg = Release|Any CPU
		{DE52BDE8-056D-4A81-BB89-D586E9733B64}.Release|ARM.Build.0 = Release|Any CPU
		{DE52BDE8-056D-4A81-BB89-D586E9733B64}.Release|ARM64.ActiveCfg = Release|Any CPU
		{DE52BDE8-056D-4A81-BB89-D586E9733B64}.Release|ARM64.Build.0 = Release|Any CPU
		{DE52BDE8-056D-4A81-BB89-D586E9733B64}.Release|x64.ActiveCfg = Release|Any CPU
		{DE52BDE8-056D-4A81-BB89-D586E9733B64}.Release|x64.Build.0 = Release|Any CPU
		{DE52BDE8-056D-4A81-BB89-D586E9733B64}.Release|x86.ActiveCfg = Release|Any CPU
		{DE52BDE8-056D-4A81-BB89-D586E9733B64}.Release|x86.Build.0 = Release|Any CPU
		{32859A96-CFAF-43EA-A085-3BAAB199329C}.Debug|Any CPU.ActiveCfg = Debug|Any CPU
		{32859A96-CFAF-43EA-A085-3BAAB199329C}.Debug|Any CPU.Build.0 = Debug|Any CPU
		{32859A96-CFAF-43EA-A085-3BAAB199329C}.Debug|ARM.ActiveCfg = Debug|Any CPU
		{32859A96-CFAF-43EA-A085-3BAAB199329C}.Debug|ARM.Build.0 = Debug|Any CPU
		{32859A96-CFAF-43EA-A085-3BAAB199329C}.Debug|ARM64.ActiveCfg = Debug|Any CPU
		{32859A96-CFAF-43EA-A085-3BAAB199329C}.Debug|ARM64.Build.0 = Debug|Any CPU
		{32859A96-CFAF-43EA-A085-3BAAB199329C}.Debug|x64.ActiveCfg = Debug|Any CPU
		{32859A96-CFAF-43EA-A085-3BAAB199329C}.Debug|x64.Build.0 = Debug|Any CPU
		{32859A96-CFAF-43EA-A085-3BAAB199329C}.Debug|x86.ActiveCfg = Debug|Any CPU
		{32859A96-CFAF-43EA-A085-3BAAB199329C}.Debug|x86.Build.0 = Debug|Any CPU
		{32859A96-CFAF-43EA-A085-3BAAB199329C}.Release|Any CPU.ActiveCfg = Release|Any CPU
		{32859A96-CFAF-43EA-A085-3BAAB199329C}.Release|Any CPU.Build.0 = Release|Any CPU
		{32859A96-CFAF-43EA-A085-3BAAB199329C}.Release|ARM.ActiveCfg = Release|Any CPU
		{32859A96-CFAF-43EA-A085-3BAAB199329C}.Release|ARM.Build.0 = Release|Any CPU
		{32859A96-CFAF-43EA-A085-3BAAB199329C}.Release|ARM64.ActiveCfg = Release|Any CPU
		{32859A96-CFAF-43EA-A085-3BAAB199329C}.Release|ARM64.Build.0 = Release|Any CPU
		{32859A96-CFAF-43EA-A085-3BAAB199329C}.Release|x64.ActiveCfg = Release|Any CPU
		{32859A96-CFAF-43EA-A085-3BAAB199329C}.Release|x64.Build.0 = Release|Any CPU
		{32859A96-CFAF-43EA-A085-3BAAB199329C}.Release|x86.ActiveCfg = Release|Any CPU
		{32859A96-CFAF-43EA-A085-3BAAB199329C}.Release|x86.Build.0 = Release|Any CPU
		{932623C9-9224-42F6-818B-BF3D32B8CE97}.Debug|Any CPU.ActiveCfg = Debug|Any CPU
		{932623C9-9224-42F6-818B-BF3D32B8CE97}.Debug|Any CPU.Build.0 = Debug|Any CPU
		{932623C9-9224-42F6-818B-BF3D32B8CE97}.Debug|ARM.ActiveCfg = Debug|Any CPU
		{932623C9-9224-42F6-818B-BF3D32B8CE97}.Debug|ARM.Build.0 = Debug|Any CPU
		{932623C9-9224-42F6-818B-BF3D32B8CE97}.Debug|ARM64.ActiveCfg = Debug|Any CPU
		{932623C9-9224-42F6-818B-BF3D32B8CE97}.Debug|ARM64.Build.0 = Debug|Any CPU
		{932623C9-9224-42F6-818B-BF3D32B8CE97}.Debug|x64.ActiveCfg = Debug|Any CPU
		{932623C9-9224-42F6-818B-BF3D32B8CE97}.Debug|x64.Build.0 = Debug|Any CPU
		{932623C9-9224-42F6-818B-BF3D32B8CE97}.Debug|x86.ActiveCfg = Debug|Any CPU
		{932623C9-9224-42F6-818B-BF3D32B8CE97}.Debug|x86.Build.0 = Debug|Any CPU
		{932623C9-9224-42F6-818B-BF3D32B8CE97}.Release|Any CPU.ActiveCfg = Release|Any CPU
		{932623C9-9224-42F6-818B-BF3D32B8CE97}.Release|Any CPU.Build.0 = Release|Any CPU
		{932623C9-9224-42F6-818B-BF3D32B8CE97}.Release|ARM.ActiveCfg = Release|Any CPU
		{932623C9-9224-42F6-818B-BF3D32B8CE97}.Release|ARM.Build.0 = Release|Any CPU
		{932623C9-9224-42F6-818B-BF3D32B8CE97}.Release|ARM64.ActiveCfg = Release|Any CPU
		{932623C9-9224-42F6-818B-BF3D32B8CE97}.Release|ARM64.Build.0 = Release|Any CPU
		{932623C9-9224-42F6-818B-BF3D32B8CE97}.Release|x64.ActiveCfg = Release|Any CPU
		{932623C9-9224-42F6-818B-BF3D32B8CE97}.Release|x64.Build.0 = Release|Any CPU
		{932623C9-9224-42F6-818B-BF3D32B8CE97}.Release|x86.ActiveCfg = Release|Any CPU
		{932623C9-9224-42F6-818B-BF3D32B8CE97}.Release|x86.Build.0 = Release|Any CPU
		{B4D234AE-6CEB-44A9-B682-603D6D007807}.Debug|Any CPU.ActiveCfg = Debug|Any CPU
		{B4D234AE-6CEB-44A9-B682-603D6D007807}.Debug|Any CPU.Build.0 = Debug|Any CPU
		{B4D234AE-6CEB-44A9-B682-603D6D007807}.Debug|ARM.ActiveCfg = Debug|Any CPU
		{B4D234AE-6CEB-44A9-B682-603D6D007807}.Debug|ARM.Build.0 = Debug|Any CPU
		{B4D234AE-6CEB-44A9-B682-603D6D007807}.Debug|ARM64.ActiveCfg = Debug|Any CPU
		{B4D234AE-6CEB-44A9-B682-603D6D007807}.Debug|ARM64.Build.0 = Debug|Any CPU
		{B4D234AE-6CEB-44A9-B682-603D6D007807}.Debug|x64.ActiveCfg = Debug|Any CPU
		{B4D234AE-6CEB-44A9-B682-603D6D007807}.Debug|x64.Build.0 = Debug|Any CPU
		{B4D234AE-6CEB-44A9-B682-603D6D007807}.Debug|x86.ActiveCfg = Debug|Any CPU
		{B4D234AE-6CEB-44A9-B682-603D6D007807}.Debug|x86.Build.0 = Debug|Any CPU
		{B4D234AE-6CEB-44A9-B682-603D6D007807}.Release|Any CPU.ActiveCfg = Release|Any CPU
		{B4D234AE-6CEB-44A9-B682-603D6D007807}.Release|Any CPU.Build.0 = Release|Any CPU
		{B4D234AE-6CEB-44A9-B682-603D6D007807}.Release|ARM.ActiveCfg = Release|Any CPU
		{B4D234AE-6CEB-44A9-B682-603D6D007807}.Release|ARM.Build.0 = Release|Any CPU
		{B4D234AE-6CEB-44A9-B682-603D6D007807}.Release|ARM64.ActiveCfg = Release|Any CPU
		{B4D234AE-6CEB-44A9-B682-603D6D007807}.Release|ARM64.Build.0 = Release|Any CPU
		{B4D234AE-6CEB-44A9-B682-603D6D007807}.Release|x64.ActiveCfg = Release|Any CPU
		{B4D234AE-6CEB-44A9-B682-603D6D007807}.Release|x64.Build.0 = Release|Any CPU
		{B4D234AE-6CEB-44A9-B682-603D6D007807}.Release|x86.ActiveCfg = Release|Any CPU
		{B4D234AE-6CEB-44A9-B682-603D6D007807}.Release|x86.Build.0 = Release|Any CPU
		{DD17E75F-C916-4AE5-90FD-C53AA664E9AA}.Debug|Any CPU.ActiveCfg = Debug|Any CPU
		{DD17E75F-C916-4AE5-90FD-C53AA664E9AA}.Debug|Any CPU.Build.0 = Debug|Any CPU
		{DD17E75F-C916-4AE5-90FD-C53AA664E9AA}.Debug|ARM.ActiveCfg = Debug|Any CPU
		{DD17E75F-C916-4AE5-90FD-C53AA664E9AA}.Debug|ARM.Build.0 = Debug|Any CPU
		{DD17E75F-C916-4AE5-90FD-C53AA664E9AA}.Debug|ARM64.ActiveCfg = Debug|Any CPU
		{DD17E75F-C916-4AE5-90FD-C53AA664E9AA}.Debug|ARM64.Build.0 = Debug|Any CPU
		{DD17E75F-C916-4AE5-90FD-C53AA664E9AA}.Debug|x64.ActiveCfg = Debug|Any CPU
		{DD17E75F-C916-4AE5-90FD-C53AA664E9AA}.Debug|x64.Build.0 = Debug|Any CPU
		{DD17E75F-C916-4AE5-90FD-C53AA664E9AA}.Debug|x86.ActiveCfg = Debug|Any CPU
		{DD17E75F-C916-4AE5-90FD-C53AA664E9AA}.Debug|x86.Build.0 = Debug|Any CPU
		{DD17E75F-C916-4AE5-90FD-C53AA664E9AA}.Release|Any CPU.ActiveCfg = Release|Any CPU
		{DD17E75F-C916-4AE5-90FD-C53AA664E9AA}.Release|Any CPU.Build.0 = Release|Any CPU
		{DD17E75F-C916-4AE5-90FD-C53AA664E9AA}.Release|ARM.ActiveCfg = Release|Any CPU
		{DD17E75F-C916-4AE5-90FD-C53AA664E9AA}.Release|ARM.Build.0 = Release|Any CPU
		{DD17E75F-C916-4AE5-90FD-C53AA664E9AA}.Release|ARM64.ActiveCfg = Release|Any CPU
		{DD17E75F-C916-4AE5-90FD-C53AA664E9AA}.Release|ARM64.Build.0 = Release|Any CPU
		{DD17E75F-C916-4AE5-90FD-C53AA664E9AA}.Release|x64.ActiveCfg = Release|Any CPU
		{DD17E75F-C916-4AE5-90FD-C53AA664E9AA}.Release|x64.Build.0 = Release|Any CPU
		{DD17E75F-C916-4AE5-90FD-C53AA664E9AA}.Release|x86.ActiveCfg = Release|Any CPU
		{DD17E75F-C916-4AE5-90FD-C53AA664E9AA}.Release|x86.Build.0 = Release|Any CPU
		{1E2A6DCB-CF45-4E8E-BB8F-0C23B86F512F}.Debug|Any CPU.ActiveCfg = Debug|Any CPU
		{1E2A6DCB-CF45-4E8E-BB8F-0C23B86F512F}.Debug|Any CPU.Build.0 = Debug|Any CPU
		{1E2A6DCB-CF45-4E8E-BB8F-0C23B86F512F}.Debug|ARM.ActiveCfg = Debug|Any CPU
		{1E2A6DCB-CF45-4E8E-BB8F-0C23B86F512F}.Debug|ARM.Build.0 = Debug|Any CPU
		{1E2A6DCB-CF45-4E8E-BB8F-0C23B86F512F}.Debug|ARM64.ActiveCfg = Debug|Any CPU
		{1E2A6DCB-CF45-4E8E-BB8F-0C23B86F512F}.Debug|ARM64.Build.0 = Debug|Any CPU
		{1E2A6DCB-CF45-4E8E-BB8F-0C23B86F512F}.Debug|x64.ActiveCfg = Debug|Any CPU
		{1E2A6DCB-CF45-4E8E-BB8F-0C23B86F512F}.Debug|x64.Build.0 = Debug|Any CPU
		{1E2A6DCB-CF45-4E8E-BB8F-0C23B86F512F}.Debug|x86.ActiveCfg = Debug|Any CPU
		{1E2A6DCB-CF45-4E8E-BB8F-0C23B86F512F}.Debug|x86.Build.0 = Debug|Any CPU
		{1E2A6DCB-CF45-4E8E-BB8F-0C23B86F512F}.Release|Any CPU.ActiveCfg = Release|Any CPU
		{1E2A6DCB-CF45-4E8E-BB8F-0C23B86F512F}.Release|Any CPU.Build.0 = Release|Any CPU
		{1E2A6DCB-CF45-4E8E-BB8F-0C23B86F512F}.Release|ARM.ActiveCfg = Release|Any CPU
		{1E2A6DCB-CF45-4E8E-BB8F-0C23B86F512F}.Release|ARM.Build.0 = Release|Any CPU
		{1E2A6DCB-CF45-4E8E-BB8F-0C23B86F512F}.Release|ARM64.ActiveCfg = Release|Any CPU
		{1E2A6DCB-CF45-4E8E-BB8F-0C23B86F512F}.Release|ARM64.Build.0 = Release|Any CPU
		{1E2A6DCB-CF45-4E8E-BB8F-0C23B86F512F}.Release|x64.ActiveCfg = Release|Any CPU
		{1E2A6DCB-CF45-4E8E-BB8F-0C23B86F512F}.Release|x64.Build.0 = Release|Any CPU
		{1E2A6DCB-CF45-4E8E-BB8F-0C23B86F512F}.Release|x86.ActiveCfg = Release|Any CPU
		{1E2A6DCB-CF45-4E8E-BB8F-0C23B86F512F}.Release|x86.Build.0 = Release|Any CPU
		{1FB6A177-BBF8-4310-AA2C-F91761CF64F0}.Debug|Any CPU.ActiveCfg = Debug|Any CPU
		{1FB6A177-BBF8-4310-AA2C-F91761CF64F0}.Debug|Any CPU.Build.0 = Debug|Any CPU
		{1FB6A177-BBF8-4310-AA2C-F91761CF64F0}.Debug|ARM.ActiveCfg = Debug|Any CPU
		{1FB6A177-BBF8-4310-AA2C-F91761CF64F0}.Debug|ARM.Build.0 = Debug|Any CPU
		{1FB6A177-BBF8-4310-AA2C-F91761CF64F0}.Debug|ARM64.ActiveCfg = Debug|Any CPU
		{1FB6A177-BBF8-4310-AA2C-F91761CF64F0}.Debug|ARM64.Build.0 = Debug|Any CPU
		{1FB6A177-BBF8-4310-AA2C-F91761CF64F0}.Debug|x64.ActiveCfg = Debug|Any CPU
		{1FB6A177-BBF8-4310-AA2C-F91761CF64F0}.Debug|x64.Build.0 = Debug|Any CPU
		{1FB6A177-BBF8-4310-AA2C-F91761CF64F0}.Debug|x86.ActiveCfg = Debug|Any CPU
		{1FB6A177-BBF8-4310-AA2C-F91761CF64F0}.Debug|x86.Build.0 = Debug|Any CPU
		{1FB6A177-BBF8-4310-AA2C-F91761CF64F0}.Release|Any CPU.ActiveCfg = Release|Any CPU
		{1FB6A177-BBF8-4310-AA2C-F91761CF64F0}.Release|Any CPU.Build.0 = Release|Any CPU
		{1FB6A177-BBF8-4310-AA2C-F91761CF64F0}.Release|ARM.ActiveCfg = Release|Any CPU
		{1FB6A177-BBF8-4310-AA2C-F91761CF64F0}.Release|ARM.Build.0 = Release|Any CPU
		{1FB6A177-BBF8-4310-AA2C-F91761CF64F0}.Release|ARM64.ActiveCfg = Release|Any CPU
		{1FB6A177-BBF8-4310-AA2C-F91761CF64F0}.Release|ARM64.Build.0 = Release|Any CPU
		{1FB6A177-BBF8-4310-AA2C-F91761CF64F0}.Release|x64.ActiveCfg = Release|Any CPU
		{1FB6A177-BBF8-4310-AA2C-F91761CF64F0}.Release|x64.Build.0 = Release|Any CPU
		{1FB6A177-BBF8-4310-AA2C-F91761CF64F0}.Release|x86.ActiveCfg = Release|Any CPU
		{1FB6A177-BBF8-4310-AA2C-F91761CF64F0}.Release|x86.Build.0 = Release|Any CPU
	EndGlobalSection
	GlobalSection(SolutionProperties) = preSolution
		HideSolutionNode = FALSE
	EndGlobalSection
	GlobalSection(ExtensibilityGlobals) = postSolution
		SolutionGuid = {2383EE84-B1FA-446A-8413-99EDCD707729}
	EndGlobalSection
EndGlobal
